// !$*UTF8*$!
{
	archiveVersion = 1;
	classes = {
	};
	objectVersion = 50;
	objects = {

/* Begin PBXBuildFile section */
		7E9634F2266493B700A6E7DE /* edge_ios.c in Sources */ = {isa = PBXBuildFile; fileRef = 7E9634F1266493B700A6E7DE /* edge_ios.c */; };
		7E9634F42664954600A6E7DE /* edge_android_v2.c in Sources */ = {isa = PBXBuildFile; fileRef = 7E9634F32664954500A6E7DE /* edge_android_v2.c */; };
		7EA2686A265E27C50058C837 /* tuntap_ios.c in Sources */ = {isa = PBXBuildFile; fileRef = 7EA26869265E27C50058C837 /* tuntap_ios.c */; };
		7EA26872265E2A8E0058C837 /* uip.c in Sources */ = {isa = PBXBuildFile; fileRef = 7EA2686E265E2A8D0058C837 /* uip.c */; };
		7EA26873265E2A8E0058C837 /* uip_arp.c in Sources */ = {isa = PBXBuildFile; fileRef = 7EA26871265E2A8D0058C837 /* uip_arp.c */; };
		7EA26878265E2AA20058C837 /* tun2tap.c in Sources */ = {isa = PBXBuildFile; fileRef = 7EA26875265E2AA20058C837 /* tun2tap.c */; };
		7EA26882265E2DD30058C837 /* minilzo.c in Sources */ = {isa = PBXBuildFile; fileRef = 7EA2687B265E2DD30058C837 /* minilzo.c */; };
		7EA26883265E2DD30058C837 /* header_encryption.c in Sources */ = {isa = PBXBuildFile; fileRef = 7EA2687C265E2DD30058C837 /* header_encryption.c */; };
		7EA26885265E2DD30058C837 /* twofish.c in Sources */ = {isa = PBXBuildFile; fileRef = 7EA2687E265E2DD30058C837 /* twofish.c */; };
		7EA26886265E2DD30058C837 /* n2n.c in Sources */ = {isa = PBXBuildFile; fileRef = 7EA2687F265E2DD30058C837 /* n2n.c */; };
		7EA26887265E2DD30058C837 /* wire.c in Sources */ = {isa = PBXBuildFile; fileRef = 7EA26880265E2DD30058C837 /* wire.c */; };
		7EA26888265E2DD30058C837 /* edge_utils.c in Sources */ = {isa = PBXBuildFile; fileRef = 7EA26881265E2DD30058C837 /* edge_utils.c */; };
		7EA2688C265E2E180058C837 /* speck.c in Sources */ = {isa = PBXBuildFile; fileRef = 7EA26889265E2E180058C837 /* speck.c */; };
		7EA2688D265E2E180058C837 /* pearson.c in Sources */ = {isa = PBXBuildFile; fileRef = 7EA2688A265E2E180058C837 /* pearson.c */; };
		7EA2688E265E2E180058C837 /* random_numbers.c in Sources */ = {isa = PBXBuildFile; fileRef = 7EA2688B265E2E180058C837 /* random_numbers.c */; };
		7EA26894265E2E590058C837 /* transform_aes.c in Sources */ = {isa = PBXBuildFile; fileRef = 7EA2688F265E2E590058C837 /* transform_aes.c */; };
		7EA26895265E2E590058C837 /* transform_speck.c in Sources */ = {isa = PBXBuildFile; fileRef = 7EA26890265E2E590058C837 /* transform_speck.c */; };
		7EA26896265E2E590058C837 /* transform_cc20.c in Sources */ = {isa = PBXBuildFile; fileRef = 7EA26891265E2E590058C837 /* transform_cc20.c */; };
		7EA26897265E2E590058C837 /* transform_null.c in Sources */ = {isa = PBXBuildFile; fileRef = 7EA26892265E2E590058C837 /* transform_null.c */; };
		7EA26898265E2E590058C837 /* transform_tf.c in Sources */ = {isa = PBXBuildFile; fileRef = 7EA26893265E2E590058C837 /* transform_tf.c */; };
/* End PBXBuildFile section */

/* Begin PBXCopyFilesBuildPhase section */
		7EFA8E7B265E248D006B1EE1 /* CopyFiles */ = {
			isa = PBXCopyFilesBuildPhase;
			buildActionMask = 2147483647;
			dstPath = "include/$(PRODUCT_NAME)";
			dstSubfolderSpec = 16;
			files = (
			);
			runOnlyForDeploymentPostprocessing = 0;
		};
/* End PBXCopyFilesBuildPhase section */

/* Begin PBXFileReference section */
		7E9634F0266493B700A6E7DE /* edge_ios.h */ = {isa = PBXFileReference; lastKnownFileType = sourcecode.c.h; path = edge_ios.h; sourceTree = "<group>"; };
		7E9634F1266493B700A6E7DE /* edge_ios.c */ = {isa = PBXFileReference; lastKnownFileType = sourcecode.c.c; path = edge_ios.c; sourceTree = "<group>"; };
		7E9634F32664954500A6E7DE /* edge_android_v2.c */ = {isa = PBXFileReference; fileEncoding = 4; lastKnownFileType = sourcecode.c.c; name = edge_android_v2.c; path = ../edge_jni/edge_android_v2.c; sourceTree = "<group>"; };
		7E9634F62664958000A6E7DE /* edge_jni.h */ = {isa = PBXFileReference; fileEncoding = 4; lastKnownFileType = sourcecode.c.h; name = edge_jni.h; path = ../edge_jni/edge_jni.h; sourceTree = "<group>"; };
		7EA26866265E25950058C837 /* config.h */ = {isa = PBXFileReference; fileEncoding = 4; lastKnownFileType = sourcecode.c.h; path = config.h; sourceTree = "<group>"; };
		7EA26868265E26220058C837 /* n2n.h */ = {isa = PBXFileReference; fileEncoding = 4; lastKnownFileType = sourcecode.c.h; name = n2n.h; path = ../n2n_v2/include/n2n.h; sourceTree = "<group>"; };
		7EA26869265E27C50058C837 /* tuntap_ios.c */ = {isa = PBXFileReference; fileEncoding = 4; lastKnownFileType = sourcecode.c.c; path = tuntap_ios.c; sourceTree = "<group>"; };
		7EA2686E265E2A8D0058C837 /* uip.c */ = {isa = PBXFileReference; fileEncoding = 4; lastKnownFileType = sourcecode.c.c; name = uip.c; path = ../uip/uip.c; sourceTree = "<group>"; };
		7EA2686F265E2A8D0058C837 /* uip_arp.h */ = {isa = PBXFileReference; fileEncoding = 4; lastKnownFileType = sourcecode.c.h; name = uip_arp.h; path = ../uip/uip_arp.h; sourceTree = "<group>"; };
		7EA26870265E2A8D0058C837 /* uip.h */ = {isa = PBXFileReference; fileEncoding = 4; lastKnownFileType = sourcecode.c.h; name = uip.h; path = ../uip/uip.h; sourceTree = "<group>"; };
		7EA26871265E2A8D0058C837 /* uip_arp.c */ = {isa = PBXFileReference; fileEncoding = 4; lastKnownFileType = sourcecode.c.c; name = uip_arp.c; path = ../uip/uip_arp.c; sourceTree = "<group>"; };
		7EA26874265E2AA20058C837 /* uip-conf.h */ = {isa = PBXFileReference; fileEncoding = 4; lastKnownFileType = sourcecode.c.h; name = "uip-conf.h"; path = "../tun2tap/uip-conf.h"; sourceTree = "<group>"; };
		7EA26875265E2AA20058C837 /* tun2tap.c */ = {isa = PBXFileReference; fileEncoding = 4; lastKnownFileType = sourcecode.c.c; name = tun2tap.c; path = ../tun2tap/tun2tap.c; sourceTree = "<group>"; };
		7EA26876265E2AA20058C837 /* tun2tap.h */ = {isa = PBXFileReference; fileEncoding = 4; lastKnownFileType = sourcecode.c.h; name = tun2tap.h; path = ../tun2tap/tun2tap.h; sourceTree = "<group>"; };
		7EA26877265E2AA20058C837 /* tun2tap_appdef.h */ = {isa = PBXFileReference; fileEncoding = 4; lastKnownFileType = sourcecode.c.h; name = tun2tap_appdef.h; path = ../tun2tap/tun2tap_appdef.h; sourceTree = "<group>"; };
		7EA2687B265E2DD30058C837 /* minilzo.c */ = {isa = PBXFileReference; fileEncoding = 4; lastKnownFileType = sourcecode.c.c; name = minilzo.c; path = ../n2n_v2/src/minilzo.c; sourceTree = "<group>"; };
		7EA2687C265E2DD30058C837 /* header_encryption.c */ = {isa = PBXFileReference; fileEncoding = 4; lastKnownFileType = sourcecode.c.c; name = header_encryption.c; path = ../n2n_v2/src/header_encryption.c; sourceTree = "<group>"; };
		7EA2687E265E2DD30058C837 /* twofish.c */ = {isa = PBXFileReference; fileEncoding = 4; lastKnownFileType = sourcecode.c.c; name = twofish.c; path = ../n2n_v2/src/twofish.c; sourceTree = "<group>"; };
		7EA2687F265E2DD30058C837 /* n2n.c */ = {isa = PBXFileReference; fileEncoding = 4; lastKnownFileType = sourcecode.c.c; name = n2n.c; path = ../n2n_v2/src/n2n.c; sourceTree = "<group>"; };
		7EA26880265E2DD30058C837 /* wire.c */ = {isa = PBXFileReference; fileEncoding = 4; lastKnownFileType = sourcecode.c.c; name = wire.c; path = ../n2n_v2/src/wire.c; sourceTree = "<group>"; };
		7EA26881265E2DD30058C837 /* edge_utils.c */ = {isa = PBXFileReference; fileEncoding = 4; lastKnownFileType = sourcecode.c.c; name = edge_utils.c; path = ../n2n_v2/src/edge_utils.c; sourceTree = "<group>"; };
		7EA26889265E2E180058C837 /* speck.c */ = {isa = PBXFileReference; fileEncoding = 4; lastKnownFileType = sourcecode.c.c; name = speck.c; path = ../n2n_v2/src/speck.c; sourceTree = "<group>"; };
		7EA2688A265E2E180058C837 /* pearson.c */ = {isa = PBXFileReference; fileEncoding = 4; lastKnownFileType = sourcecode.c.c; name = pearson.c; path = ../n2n_v2/src/pearson.c; sourceTree = "<group>"; };
		7EA2688B265E2E180058C837 /* random_numbers.c */ = {isa = PBXFileReference; fileEncoding = 4; lastKnownFileType = sourcecode.c.c; name = random_numbers.c; path = ../n2n_v2/src/random_numbers.c; sourceTree = "<group>"; };
		7EA2688F265E2E590058C837 /* transform_aes.c */ = {isa = PBXFileReference; fileEncoding = 4; lastKnownFileType = sourcecode.c.c; name = transform_aes.c; path = ../n2n_v2/src/transform_aes.c; sourceTree = "<group>"; };
		7EA26890265E2E590058C837 /* transform_speck.c */ = {isa = PBXFileReference; fileEncoding = 4; lastKnownFileType = sourcecode.c.c; name = transform_speck.c; path = ../n2n_v2/src/transform_speck.c; sourceTree = "<group>"; };
		7EA26891265E2E590058C837 /* transform_cc20.c */ = {isa = PBXFileReference; fileEncoding = 4; lastKnownFileType = sourcecode.c.c; name = transform_cc20.c; path = ../n2n_v2/src/transform_cc20.c; sourceTree = "<group>"; };
		7EA26892265E2E590058C837 /* transform_null.c */ = {isa = PBXFileReference; fileEncoding = 4; lastKnownFileType = sourcecode.c.c; name = transform_null.c; path = ../n2n_v2/src/transform_null.c; sourceTree = "<group>"; };
		7EA26893265E2E590058C837 /* transform_tf.c */ = {isa = PBXFileReference; fileEncoding = 4; lastKnownFileType = sourcecode.c.c; name = transform_tf.c; path = ../n2n_v2/src/transform_tf.c; sourceTree = "<group>"; };
		7EA2689A265E2E6C0058C837 /* speck.h */ = {isa = PBXFileReference; fileEncoding = 4; lastKnownFileType = sourcecode.c.h; path = speck.h; sourceTree = "<group>"; };
		7EA2689B265E2E6C0058C837 /* edge_utils_win32.h */ = {isa = PBXFileReference; fileEncoding = 4; lastKnownFileType = sourcecode.c.h; path = edge_utils_win32.h; sourceTree = "<group>"; };
		7EA2689C265E2E6C0058C837 /* lzodefs.h */ = {isa = PBXFileReference; fileEncoding = 4; lastKnownFileType = sourcecode.c.h; path = lzodefs.h; sourceTree = "<group>"; };
		7EA2689D265E2E6C0058C837 /* random_numbers.h */ = {isa = PBXFileReference; fileEncoding = 4; lastKnownFileType = sourcecode.c.h; path = random_numbers.h; sourceTree = "<group>"; };
		7EA2689E265E2E6C0058C837 /* lzoconf.h */ = {isa = PBXFileReference; fileEncoding = 4; lastKnownFileType = sourcecode.c.h; path = lzoconf.h; sourceTree = "<group>"; };
		7EA2689F265E2E6C0058C837 /* n2n_transforms.h */ = {isa = PBXFileReference; fileEncoding = 4; lastKnownFileType = sourcecode.c.h; path = n2n_transforms.h; sourceTree = "<group>"; };
		7EA268A0265E2E6C0058C837 /* n2n_define.h */ = {isa = PBXFileReference; fileEncoding = 4; lastKnownFileType = sourcecode.c.h; path = n2n_define.h; sourceTree = "<group>"; };
		7EA268A1265E2E6C0058C837 /* n2n_wire.h */ = {isa = PBXFileReference; fileEncoding = 4; lastKnownFileType = sourcecode.c.h; path = n2n_wire.h; sourceTree = "<group>"; };
		7EA268A2265E2E6C0058C837 /* header_encryption.h */ = {isa = PBXFileReference; fileEncoding = 4; lastKnownFileType = sourcecode.c.h; path = header_encryption.h; sourceTree = "<group>"; };
		7EA268A3265E2E6C0058C837 /* uthash.h */ = {isa = PBXFileReference; fileEncoding = 4; lastKnownFileType = sourcecode.c.h; path = uthash.h; sourceTree = "<group>"; };
		7EA268A4265E2E6C0058C837 /* minilzo.h */ = {isa = PBXFileReference; fileEncoding = 4; lastKnownFileType = sourcecode.c.h; path = minilzo.h; sourceTree = "<group>"; };
		7EA268A5265E2E6C0058C837 /* n2n.h */ = {isa = PBXFileReference; fileEncoding = 4; lastKnownFileType = sourcecode.c.h; path = n2n.h; sourceTree = "<group>"; };
		7EA268A6265E2E6C0058C837 /* pearson.h */ = {isa = PBXFileReference; fileEncoding = 4; lastKnownFileType = sourcecode.c.h; path = pearson.h; sourceTree = "<group>"; };
		7EA268A7265E2E6C0058C837 /* twofish.h */ = {isa = PBXFileReference; fileEncoding = 4; lastKnownFileType = sourcecode.c.h; path = twofish.h; sourceTree = "<group>"; };
		7EA268A8265E2E6C0058C837 /* portable_endian.h */ = {isa = PBXFileReference; fileEncoding = 4; lastKnownFileType = sourcecode.c.h; path = portable_endian.h; sourceTree = "<group>"; };
		7EFA8E7D265E248D006B1EE1 /* libn2n.a */ = {isa = PBXFileReference; explicitFileType = archive.ar; includeInIndex = 0; path = libn2n.a; sourceTree = BUILT_PRODUCTS_DIR; };
/* End PBXFileReference section */

/* Begin PBXFrameworksBuildPhase section */
		7EFA8E7A265E248D006B1EE1 /* Frameworks */ = {
			isa = PBXFrameworksBuildPhase;
			buildActionMask = 2147483647;
			files = (
			);
			runOnlyForDeploymentPostprocessing = 0;
		};
/* End PBXFrameworksBuildPhase section */

/* Begin PBXGroup section */
		7EA26863265E24D80058C837 /* main */ = {
			isa = PBXGroup;
			children = (
				7EA2687A265E2DAD0058C837 /* n2n */,
				7EA26879265E2D970058C837 /* uip */,
			);
			name = main;
			sourceTree = "<group>";
		};
		7EA26879265E2D970058C837 /* uip */ = {
			isa = PBXGroup;
			children = (
				7EA26877265E2AA20058C837 /* tun2tap_appdef.h */,
				7EA26875265E2AA20058C837 /* tun2tap.c */,
				7EA26876265E2AA20058C837 /* tun2tap.h */,
				7EA26874265E2AA20058C837 /* uip-conf.h */,
				7EA26871265E2A8D0058C837 /* uip_arp.c */,
				7EA2686F265E2A8D0058C837 /* uip_arp.h */,
				7EA2686E265E2A8D0058C837 /* uip.c */,
				7EA26870265E2A8D0058C837 /* uip.h */,
			);
			name = uip;
			sourceTree = "<group>";
		};
		7EA2687A265E2DAD0058C837 /* n2n */ = {
			isa = PBXGroup;
			children = (
				7EA26899265E2E6C0058C837 /* include */,
				7EA26881265E2DD30058C837 /* edge_utils.c */,
				7EA2687C265E2DD30058C837 /* header_encryption.c */,
				7EA2687B265E2DD30058C837 /* minilzo.c */,
				7EA2687F265E2DD30058C837 /* n2n.c */,
				7EA2688A265E2E180058C837 /* pearson.c */,
				7EA2688B265E2E180058C837 /* random_numbers.c */,
				7EA26889265E2E180058C837 /* speck.c */,
				7EA2688F265E2E590058C837 /* transform_aes.c */,
				7EA26891265E2E590058C837 /* transform_cc20.c */,
				7EA26892265E2E590058C837 /* transform_null.c */,
				7EA26890265E2E590058C837 /* transform_speck.c */,
				7EA26893265E2E590058C837 /* transform_tf.c */,
				7EA2687E265E2DD30058C837 /* twofish.c */,
				7EA26880265E2DD30058C837 /* wire.c */,
				7EA26868265E26220058C837 /* n2n.h */,
			);
			name = n2n;
			sourceTree = "<group>";
		};
		7EA26899265E2E6C0058C837 /* include */ = {
			isa = PBXGroup;
			children = (
				7EA2689A265E2E6C0058C837 /* speck.h */,
				7EA2689B265E2E6C0058C837 /* edge_utils_win32.h */,
				7EA2689C265E2E6C0058C837 /* lzodefs.h */,
				7EA2689D265E2E6C0058C837 /* random_numbers.h */,
				7EA2689E265E2E6C0058C837 /* lzoconf.h */,
				7EA2689F265E2E6C0058C837 /* n2n_transforms.h */,
				7EA268A0265E2E6C0058C837 /* n2n_define.h */,
				7EA268A1265E2E6C0058C837 /* n2n_wire.h */,
				7EA268A2265E2E6C0058C837 /* header_encryption.h */,
				7EA268A3265E2E6C0058C837 /* uthash.h */,
				7EA268A4265E2E6C0058C837 /* minilzo.h */,
				7EA268A5265E2E6C0058C837 /* n2n.h */,
				7EA268A6265E2E6C0058C837 /* pearson.h */,
				7EA268A7265E2E6C0058C837 /* twofish.h */,
				7EA268A8265E2E6C0058C837 /* portable_endian.h */,
			);
			name = include;
			path = ../n2n_v2/include;
			sourceTree = "<group>";
		};
		7EFA8E74265E248D006B1EE1 = {
			isa = PBXGroup;
			children = (
				7EA26863265E24D80058C837 /* main */,
				7EA26866265E25950058C837 /* config.h */,
				7E9634F32664954500A6E7DE /* edge_android_v2.c */,
				7E9634F62664958000A6E7DE /* edge_jni.h */,
				7E9634F0266493B700A6E7DE /* edge_ios.h */,
				7E9634F1266493B700A6E7DE /* edge_ios.c */,
				7EA26869265E27C50058C837 /* tuntap_ios.c */,
				7EFA8E7E265E248D006B1EE1 /* Products */,
			);
			sourceTree = "<group>";
		};
		7EFA8E7E265E248D006B1EE1 /* Products */ = {
			isa = PBXGroup;
			children = (
				7EFA8E7D265E248D006B1EE1 /* libn2n.a */,
			);
			name = Products;
			sourceTree = "<group>";
		};
/* End PBXGroup section */

/* Begin PBXNativeTarget section */
		7EFA8E7C265E248D006B1EE1 /* n2n */ = {
			isa = PBXNativeTarget;
			buildConfigurationList = 7EFA8E86265E248D006B1EE1 /* Build configuration list for PBXNativeTarget "n2n" */;
			buildPhases = (
				7EFA8E79265E248D006B1EE1 /* Sources */,
				7EFA8E7A265E248D006B1EE1 /* Frameworks */,
				7EFA8E7B265E248D006B1EE1 /* CopyFiles */,
			);
			buildRules = (
			);
			dependencies = (
			);
			name = n2n;
			productName = n2n;
			productReference = 7EFA8E7D265E248D006B1EE1 /* libn2n.a */;
			productType = "com.apple.product-type.library.static";
		};
/* End PBXNativeTarget section */

/* Begin PBXProject section */
		7EFA8E75265E248D006B1EE1 /* Project object */ = {
			isa = PBXProject;
			attributes = {
				LastUpgradeCheck = 1250;
				TargetAttributes = {
					7EFA8E7C265E248D006B1EE1 = {
						CreatedOnToolsVersion = 12.5;
					};
				};
			};
			buildConfigurationList = 7EFA8E78265E248D006B1EE1 /* Build configuration list for PBXProject "n2n" */;
			compatibilityVersion = "Xcode 9.3";
			developmentRegion = en;
			hasScannedForEncodings = 0;
			knownRegions = (
				en,
				Base,
			);
			mainGroup = 7EFA8E74265E248D006B1EE1;
			productRefGroup = 7EFA8E7E265E248D006B1EE1 /* Products */;
			projectDirPath = "";
			projectRoot = "";
			targets = (
				7EFA8E7C265E248D006B1EE1 /* n2n */,
			);
		};
/* End PBXProject section */

/* Begin PBXSourcesBuildPhase section */
		7EFA8E79265E248D006B1EE1 /* Sources */ = {
			isa = PBXSourcesBuildPhase;
			buildActionMask = 2147483647;
			files = (
				7EA26886265E2DD30058C837 /* n2n.c in Sources */,
				7EA26885265E2DD30058C837 /* twofish.c in Sources */,
				7EA26873265E2A8E0058C837 /* uip_arp.c in Sources */,
				7EA26872265E2A8E0058C837 /* uip.c in Sources */,
				7EA26894265E2E590058C837 /* transform_aes.c in Sources */,
				7EA26878265E2AA20058C837 /* tun2tap.c in Sources */,
				7EA26897265E2E590058C837 /* transform_null.c in Sources */,
				7EA26882265E2DD30058C837 /* minilzo.c in Sources */,
				7EA2688D265E2E180058C837 /* pearson.c in Sources */,
				7EA26895265E2E590058C837 /* transform_speck.c in Sources */,
				7E9634F42664954600A6E7DE /* edge_android_v2.c in Sources */,
				7EA2686A265E27C50058C837 /* tuntap_ios.c in Sources */,
				7EA26896265E2E590058C837 /* transform_cc20.c in Sources */,
				7EA2688C265E2E180058C837 /* speck.c in Sources */,
				7E9634F2266493B700A6E7DE /* edge_ios.c in Sources */,
				7EA26887265E2DD30058C837 /* wire.c in Sources */,
				7EA26898265E2E590058C837 /* transform_tf.c in Sources */,
				7EA2688E265E2E180058C837 /* random_numbers.c in Sources */,
				7EA26888265E2DD30058C837 /* edge_utils.c in Sources */,
				7EA26883265E2DD30058C837 /* header_encryption.c in Sources */,
			);
			runOnlyForDeploymentPostprocessing = 0;
		};
/* End PBXSourcesBuildPhase section */

/* Begin XCBuildConfiguration section */
		7EFA8E84265E248D006B1EE1 /* Debug */ = {
			isa = XCBuildConfiguration;
			buildSettings = {
				ALWAYS_SEARCH_USER_PATHS = NO;
				CLANG_ANALYZER_NONNULL = YES;
				CLANG_ANALYZER_NUMBER_OBJECT_CONVERSION = YES_AGGRESSIVE;
				CLANG_CXX_LANGUAGE_STANDARD = "gnu++14";
				CLANG_CXX_LIBRARY = "libc++";
				CLANG_ENABLE_MODULES = YES;
				CLANG_ENABLE_OBJC_ARC = YES;
				CLANG_ENABLE_OBJC_WEAK = YES;
				CLANG_WARN_BLOCK_CAPTURE_AUTORELEASING = YES;
				CLANG_WARN_BOOL_CONVERSION = YES;
				CLANG_WARN_COMMA = YES;
				CLANG_WARN_CONSTANT_CONVERSION = YES;
				CLANG_WARN_DEPRECATED_OBJC_IMPLEMENTATIONS = YES;
				CLANG_WARN_DIRECT_OBJC_ISA_USAGE = YES_ERROR;
				CLANG_WARN_DOCUMENTATION_COMMENTS = YES;
				CLANG_WARN_EMPTY_BODY = YES;
				CLANG_WARN_ENUM_CONVERSION = YES;
				CLANG_WARN_INFINITE_RECURSION = YES;
				CLANG_WARN_INT_CONVERSION = YES;
				CLANG_WARN_NON_LITERAL_NULL_CONVERSION = YES;
				CLANG_WARN_OBJC_IMPLICIT_RETAIN_SELF = YES;
				CLANG_WARN_OBJC_LITERAL_CONVERSION = YES;
				CLANG_WARN_OBJC_ROOT_CLASS = YES_ERROR;
				CLANG_WARN_QUOTED_INCLUDE_IN_FRAMEWORK_HEADER = YES;
				CLANG_WARN_RANGE_LOOP_ANALYSIS = YES;
				CLANG_WARN_STRICT_PROTOTYPES = YES;
				CLANG_WARN_SUSPICIOUS_MOVE = YES;
				CLANG_WARN_UNGUARDED_AVAILABILITY = YES_AGGRESSIVE;
				CLANG_WARN_UNREACHABLE_CODE = YES;
				CLANG_WARN__DUPLICATE_METHOD_MATCH = YES;
				COPY_PHASE_STRIP = NO;
				DEBUG_INFORMATION_FORMAT = dwarf;
				ENABLE_STRICT_OBJC_MSGSEND = YES;
				ENABLE_TESTABILITY = YES;
				GCC_C_LANGUAGE_STANDARD = gnu11;
				GCC_DYNAMIC_NO_PIC = NO;
				GCC_NO_COMMON_BLOCKS = YES;
				GCC_OPTIMIZATION_LEVEL = 0;
				GCC_PREPROCESSOR_DEFINITIONS = (
					"DEBUG=1",
					"$(inherited)",
					__IOS_PLATFORM__,
				);
				GCC_WARN_64_TO_32_BIT_CONVERSION = YES;
				GCC_WARN_ABOUT_RETURN_TYPE = YES_ERROR;
				GCC_WARN_UNDECLARED_SELECTOR = YES;
				GCC_WARN_UNINITIALIZED_AUTOS = YES_AGGRESSIVE;
				GCC_WARN_UNUSED_FUNCTION = YES;
				GCC_WARN_UNUSED_VARIABLE = YES;
				HEADER_SEARCH_PATHS = (
					"\"$(SRCROOT)/..\"",
					"\"$(SRCROOT)/../tun2tap\"",
				);
				IPHONEOS_DEPLOYMENT_TARGET = 14.5;
				MTL_ENABLE_DEBUG_INFO = INCLUDE_SOURCE;
				MTL_FAST_MATH = YES;
				ONLY_ACTIVE_ARCH = YES;
				SDKROOT = iphoneos;
			};
			name = Debug;
		};
		7EFA8E85265E248D006B1EE1 /* Release */ = {
			isa = XCBuildConfiguration;
			buildSettings = {
				ALWAYS_SEARCH_USER_PATHS = NO;
				CLANG_ANALYZER_NONNULL = YES;
				CLANG_ANALYZER_NUMBER_OBJECT_CONVERSION = YES_AGGRESSIVE;
				CLANG_CXX_LANGUAGE_STANDARD = "gnu++14";
				CLANG_CXX_LIBRARY = "libc++";
				CLANG_ENABLE_MODULES = YES;
				CLANG_ENABLE_OBJC_ARC = YES;
				CLANG_ENABLE_OBJC_WEAK = YES;
				CLANG_WARN_BLOCK_CAPTURE_AUTORELEASING = YES;
				CLANG_WARN_BOOL_CONVERSION = YES;
				CLANG_WARN_COMMA = YES;
				CLANG_WARN_CONSTANT_CONVERSION = YES;
				CLANG_WARN_DEPRECATED_OBJC_IMPLEMENTATIONS = YES;
				CLANG_WARN_DIRECT_OBJC_ISA_USAGE = YES_ERROR;
				CLANG_WARN_DOCUMENTATION_COMMENTS = YES;
				CLANG_WARN_EMPTY_BODY = YES;
				CLANG_WARN_ENUM_CONVERSION = YES;
				CLANG_WARN_INFINITE_RECURSION = YES;
				CLANG_WARN_INT_CONVERSION = YES;
				CLANG_WARN_NON_LITERAL_NULL_CONVERSION = YES;
				CLANG_WARN_OBJC_IMPLICIT_RETAIN_SELF = YES;
				CLANG_WARN_OBJC_LITERAL_CONVERSION = YES;
				CLANG_WARN_OBJC_ROOT_CLASS = YES_ERROR;
				CLANG_WARN_QUOTED_INCLUDE_IN_FRAMEWORK_HEADER = YES;
				CLANG_WARN_RANGE_LOOP_ANALYSIS = YES;
				CLANG_WARN_STRICT_PROTOTYPES = YES;
				CLANG_WARN_SUSPICIOUS_MOVE = YES;
				CLANG_WARN_UNGUARDED_AVAILABILITY = YES_AGGRESSIVE;
				CLANG_WARN_UNREACHABLE_CODE = YES;
				CLANG_WARN__DUPLICATE_METHOD_MATCH = YES;
				COPY_PHASE_STRIP = NO;
				DEBUG_INFORMATION_FORMAT = "dwarf-with-dsym";
				ENABLE_NS_ASSERTIONS = NO;
				ENABLE_STRICT_OBJC_MSGSEND = YES;
				GCC_C_LANGUAGE_STANDARD = gnu11;
				GCC_NO_COMMON_BLOCKS = YES;
				GCC_PREPROCESSOR_DEFINITIONS = __IOS_PLATFORM__;
				GCC_WARN_64_TO_32_BIT_CONVERSION = YES;
				GCC_WARN_ABOUT_RETURN_TYPE = YES_ERROR;
				GCC_WARN_UNDECLARED_SELECTOR = YES;
				GCC_WARN_UNINITIALIZED_AUTOS = YES_AGGRESSIVE;
				GCC_WARN_UNUSED_FUNCTION = YES;
				GCC_WARN_UNUSED_VARIABLE = YES;
				HEADER_SEARCH_PATHS = (
					"\"$(SRCROOT)/..\"",
					"\"$(SRCROOT)/../tun2tap\"",
				);
				IPHONEOS_DEPLOYMENT_TARGET = 14.5;
				MTL_ENABLE_DEBUG_INFO = NO;
				MTL_FAST_MATH = YES;
				SDKROOT = iphoneos;
				VALIDATE_PRODUCT = YES;
			};
			name = Release;
		};
		7EFA8E87265E248D006B1EE1 /* Debug */ = {
			isa = XCBuildConfiguration;
			buildSettings = {
				CODE_SIGN_STYLE = Automatic;
				DEVELOPMENT_TEAM = S4K8QNVVRR;
				HEADER_SEARCH_PATHS = (
					"\"$(SRCROOT)/..\"",
					"\"$(SRCROOT)/../tun2tap\"",
					"\"$(SRCROOT)/../n2n_v2/include\"",
				);
				IPHONEOS_DEPLOYMENT_TARGET = 14.0;
				MACOSX_DEPLOYMENT_TARGET = 10.14;
				OTHER_LDFLAGS = "-ObjC";
				PRODUCT_NAME = "$(TARGET_NAME)";
				SKIP_INSTALL = YES;
				TARGETED_DEVICE_FAMILY = "1,2";
				TVOS_DEPLOYMENT_TARGET = 14.0;
				WATCHOS_DEPLOYMENT_TARGET = 7.0;
			};
			name = Debug;
		};
		7EFA8E88265E248D006B1EE1 /* Release */ = {
			isa = XCBuildConfiguration;
			buildSettings = {
				CODE_SIGN_STYLE = Automatic;
				DEVELOPMENT_TEAM = S4K8QNVVRR;
				HEADER_SEARCH_PATHS = (
					"\"$(SRCROOT)/..\"",
					"\"$(SRCROOT)/../tun2tap\"",
					"\"$(SRCROOT)/../n2n_v2/include\"",
				);
				IPHONEOS_DEPLOYMENT_TARGET = 14.0;
				MACOSX_DEPLOYMENT_TARGET = 10.14;
				OTHER_LDFLAGS = "-ObjC";
				PRODUCT_NAME = "$(TARGET_NAME)";
				SKIP_INSTALL = YES;
				TARGETED_DEVICE_FAMILY = "1,2";
				TVOS_DEPLOYMENT_TARGET = 14.0;
				WATCHOS_DEPLOYMENT_TARGET = 7.0;
			};
			name = Release;
		};
/* End XCBuildConfiguration section */

/* Begin XCConfigurationList section */
		7EFA8E78265E248D006B1EE1 /* Build configuration list for PBXProject "n2n" */ = {
			isa = XCConfigurationList;
			buildConfigurations = (
				7EFA8E84265E248D006B1EE1 /* Debug */,
				7EFA8E85265E248D006B1EE1 /* Release */,
			);
			defaultConfigurationIsVisible = 0;
			defaultConfigurationName = Release;
		};
		7EFA8E86265E248D006B1EE1 /* Build configuration list for PBXNativeTarget "n2n" */ = {
			isa = XCConfigurationList;
			buildConfigurations = (
				7EFA8E87265E248D006B1EE1 /* Debug */,
				7EFA8E88265E248D006B1EE1 /* Release */,
			);
			defaultConfigurationIsVisible = 0;
			defaultConfigurationName = Release;
		};
/* End XCConfigurationList section */
	};
	rootObject = 7EFA8E75265E248D006B1EE1 /* Project object */;
}
