// !$*UTF8*$!
{
	archiveVersion = 1;
	classes = {
	};
	objectVersion = 52;
	objects = {

/* Begin PBXBuildFile section */
		7E01CBBA272F9DC100E76A47 /* KeychainAccess in Frameworks */ = {isa = PBXBuildFile; productRef = 7E01CBB9272F9DC100E76A47 /* KeychainAccess */; };
		7E171665274BCAD000DBA41F /* TunnelProvider.swift in Sources */ = {isa = PBXBuildFile; fileRef = 7E171664274BCAD000DBA41F /* TunnelProvider.swift */; };
		7E294A0126C76C2D008DEA5D /* OmniedgeNewApp.swift in Sources */ = {isa = PBXBuildFile; fileRef = 7E294A0026C76C2D008DEA5D /* OmniedgeNewApp.swift */; };
		7E294A0326C76C2D008DEA5D /* ContentView.swift in Sources */ = {isa = PBXBuildFile; fileRef = 7E294A0226C76C2D008DEA5D /* ContentView.swift */; };
		7E294A0526C76C2E008DEA5D /* Assets.xcassets in Resources */ = {isa = PBXBuildFile; fileRef = 7E294A0426C76C2E008DEA5D /* Assets.xcassets */; };
		7E294A0826C76C2E008DEA5D /* Preview Assets.xcassets in Resources */ = {isa = PBXBuildFile; fileRef = 7E294A0726C76C2E008DEA5D /* Preview Assets.xcassets */; };
		7E294A1326C76C2F008DEA5D /* OmniedgeNewTests.swift in Sources */ = {isa = PBXBuildFile; fileRef = 7E294A1226C76C2F008DEA5D /* OmniedgeNewTests.swift */; };
		7E294A1E26C76C2F008DEA5D /* OmniedgeNewUITests.swift in Sources */ = {isa = PBXBuildFile; fileRef = 7E294A1D26C76C2F008DEA5D /* OmniedgeNewUITests.swift */; };
		7E29738627B737F0001D7477 /* Tunnel.appex in Embed App Extensions */ = {isa = PBXBuildFile; fileRef = 7E29738527B737F0001D7477 /* Tunnel.appex */; settings = {ATTRIBUTES = (RemoveHeadersOnCopy, ); }; };
		7E3C3C3F27486E5A00830824 /* DeviceList.framework in Frameworks */ = {isa = PBXBuildFile; fileRef = 7E659A5F2715B960006EFB78 /* DeviceList.framework */; };
		7E3C3C4727486E5C00830824 /* Login.framework in Frameworks */ = {isa = PBXBuildFile; fileRef = 7077C9A16102209123401BD1 /* Login.framework */; };
		7E3C3C4A27486E5E00830824 /* OEPlatform.framework in Frameworks */ = {isa = PBXBuildFile; fileRef = 7ED4609D26C774C000FF4870 /* OEPlatform.framework */; };
		7E3C3C4E2748700600830824 /* OENetwork in Frameworks */ = {isa = PBXBuildFile; productRef = 7E3C3C4D2748700600830824 /* OENetwork */; };
		7E3C3C502748700B00830824 /* OEDI in Frameworks */ = {isa = PBXBuildFile; productRef = 7E3C3C4F2748700B00830824 /* OEDI */; };
		7E3C3C522748702E00830824 /* OEUIKit in Frameworks */ = {isa = PBXBuildFile; productRef = 7E3C3C512748702E00830824 /* OEUIKit */; };
		7E3C3C56274870BD00830824 /* NetworkExtension.framework in Frameworks */ = {isa = PBXBuildFile; fileRef = 7E3C3C55274870BD00830824 /* NetworkExtension.framework */; };
		7E619964274B34730074037A /* OmniEdgeManager.swift in Sources */ = {isa = PBXBuildFile; fileRef = 7E61995E274B34720074037A /* OmniEdgeManager.swift */; };
		7E659A562715B94E006EFB78 /* AppCoordinator.swift in Sources */ = {isa = PBXBuildFile; fileRef = 7E659A522715B94E006EFB78 /* AppCoordinator.swift */; };
		7E7E937D27AFBB1C00527213 /* NetworkExtension.framework in Frameworks */ = {isa = PBXBuildFile; fileRef = 7E3C3C55274870BD00830824 /* NetworkExtension.framework */; };
		7E7E938027AFBB1C00527213 /* PacketTunnelProvider.swift in Sources */ = {isa = PBXBuildFile; fileRef = 7E7E937F27AFBB1C00527213 /* PacketTunnelProvider.swift */; };
		7E7E938C27AFBB8A00527213 /* OmniedgeDylib.framework in Frameworks */ = {isa = PBXBuildFile; fileRef = 7EB65B6E2748765E005FEA9F /* OmniedgeDylib.framework */; };
		7E7E938F27AFBC2A00527213 /* PacketTunnelEngine.swift in Sources */ = {isa = PBXBuildFile; fileRef = 7E7E938D27AFBC2A00527213 /* PacketTunnelEngine.swift */; };
		7E7E939027AFBC2A00527213 /* OmniEdgeUDP.swift in Sources */ = {isa = PBXBuildFile; fileRef = 7E7E938E27AFBC2A00527213 /* OmniEdgeUDP.swift */; };
		7E7E939427AFBC5F00527213 /* edge_ios_oc.m in Sources */ = {isa = PBXBuildFile; fileRef = 7E7E939327AFBC5F00527213 /* edge_ios_oc.m */; };
		7E7E939727AFBEE600527213 /* libn2n.a in Frameworks */ = {isa = PBXBuildFile; fileRef = 7EAEEBD727491AE90009D046 /* libn2n.a */; };
		7EB65B7127487672005FEA9F /* OmniedgeDylib.framework in Frameworks */ = {isa = PBXBuildFile; fileRef = 7EB65B6E2748765E005FEA9F /* OmniedgeDylib.framework */; };
		7EB65B722748767D005FEA9F /* OmniedgeDylib.framework in Embed Frameworks */ = {isa = PBXBuildFile; fileRef = 7EB65B6E2748765E005FEA9F /* OmniedgeDylib.framework */; settings = {ATTRIBUTES = (CodeSignOnCopy, RemoveHeadersOnCopy, ); }; };
/* End PBXBuildFile section */

/* Begin PBXContainerItemProxy section */
		0EF0D97C9DAFA5A410AB0F21 /* PBXContainerItemProxy */ = {
			isa = PBXContainerItemProxy;
			containerPortal = 62A324E70C5E21EEBE2D1D3C /* Login.xcodeproj */;
			proxyType = 2;
			remoteGlobalIDString = 8968B2B1ABAF6C1AF24C7804;
			remoteInfo = Subproject;
		};
		3FA946E9932642B39DBCFA9D /* PBXContainerItemProxy */ = {
			isa = PBXContainerItemProxy;
			containerPortal = 62A324E70C5E21EEBE2D1D3C /* Login.xcodeproj */;
			proxyType = 2;
			remoteGlobalIDString = AC2E8D3EB455200DD73774D5;
			remoteInfo = Subproject;
		};
		7E184FF826DB178500038DAD /* PBXContainerItemProxy */ = {
			isa = PBXContainerItemProxy;
			containerPortal = 62A324E70C5E21EEBE2D1D3C /* Login.xcodeproj */;
			proxyType = 1;
			remoteGlobalIDString = EF8CE03A2759141C3B1EAC1D;
			remoteInfo = Login;
		};
		7E294A0F26C76C2F008DEA5D /* PBXContainerItemProxy */ = {
			isa = PBXContainerItemProxy;
			containerPortal = 7E2949F526C76C2D008DEA5D /* Project object */;
			proxyType = 1;
			remoteGlobalIDString = 7E2949FC26C76C2D008DEA5D;
			remoteInfo = OmniedgeNew;
		};
		7E294A1A26C76C2F008DEA5D /* PBXContainerItemProxy */ = {
			isa = PBXContainerItemProxy;
			containerPortal = 7E2949F526C76C2D008DEA5D /* Project object */;
			proxyType = 1;
			remoteGlobalIDString = 7E2949FC26C76C2D008DEA5D;
			remoteInfo = OmniedgeNew;
		};
		7E659A5E2715B960006EFB78 /* PBXContainerItemProxy */ = {
			isa = PBXContainerItemProxy;
			containerPortal = 7E659A572715B960006EFB78 /* DeviceList.xcodeproj */;
			proxyType = 2;
			remoteGlobalIDString = B60ACDD2473BB64C967FC0F8;
			remoteInfo = DeviceList;
		};
		7E659A602715B960006EFB78 /* PBXContainerItemProxy */ = {
			isa = PBXContainerItemProxy;
			containerPortal = 7E659A572715B960006EFB78 /* DeviceList.xcodeproj */;
			proxyType = 2;
			remoteGlobalIDString = 73A428C4E8319D2E53B352B2;
			remoteInfo = DeviceListDemo;
		};
		7E659A622715B960006EFB78 /* PBXContainerItemProxy */ = {
			isa = PBXContainerItemProxy;
			containerPortal = 7E659A572715B960006EFB78 /* DeviceList.xcodeproj */;
			proxyType = 2;
			remoteGlobalIDString = BB29D8095210A2B0FF05C3A7;
			remoteInfo = DeviceListTests;
		};
		7E659A642715B96B006EFB78 /* PBXContainerItemProxy */ = {
			isa = PBXContainerItemProxy;
			containerPortal = 7E659A572715B960006EFB78 /* DeviceList.xcodeproj */;
			proxyType = 1;
			remoteGlobalIDString = 5479CA4A68B7B9E7A7924BF2;
			remoteInfo = DeviceList;
		};
		7E7E938327AFBB1C00527213 /* PBXContainerItemProxy */ = {
			isa = PBXContainerItemProxy;
			containerPortal = 7E2949F526C76C2D008DEA5D /* Project object */;
			proxyType = 1;
			remoteGlobalIDString = 7E7E937B27AFBB1C00527213;
			remoteInfo = Tunnel;
		};
		7E7E938A27AFBB7F00527213 /* PBXContainerItemProxy */ = {
			isa = PBXContainerItemProxy;
			containerPortal = 7EB65B692748765E005FEA9F /* OmniedgeDylib.xcodeproj */;
			proxyType = 1;
			remoteGlobalIDString = 7E31228D274874A5000391CE;
			remoteInfo = OmniedgeDylib;
		};
		7E7E939527AFBEDF00527213 /* PBXContainerItemProxy */ = {
			isa = PBXContainerItemProxy;
			containerPortal = 7EAEEBD227491AE90009D046 /* n2n.xcodeproj */;
			proxyType = 1;
			remoteGlobalIDString = 7EFA8E7C265E248D006B1EE1;
			remoteInfo = n2n;
		};
		7EAEEBD627491AE90009D046 /* PBXContainerItemProxy */ = {
			isa = PBXContainerItemProxy;
			containerPortal = 7EAEEBD227491AE90009D046 /* n2n.xcodeproj */;
			proxyType = 2;
			remoteGlobalIDString = 7EFA8E7D265E248D006B1EE1;
			remoteInfo = n2n;
		};
		7EB65B6D2748765E005FEA9F /* PBXContainerItemProxy */ = {
			isa = PBXContainerItemProxy;
			containerPortal = 7EB65B692748765E005FEA9F /* OmniedgeDylib.xcodeproj */;
			proxyType = 2;
			remoteGlobalIDString = 7E31228E274874A5000391CE;
			remoteInfo = OmniedgeDylib;
		};
		7EB65B6F2748766A005FEA9F /* PBXContainerItemProxy */ = {
			isa = PBXContainerItemProxy;
			containerPortal = 7EB65B692748765E005FEA9F /* OmniedgeDylib.xcodeproj */;
			proxyType = 1;
			remoteGlobalIDString = 7E31228D274874A5000391CE;
			remoteInfo = OmniedgeDylib;
		};
		7ED4609C26C774C000FF4870 /* PBXContainerItemProxy */ = {
			isa = PBXContainerItemProxy;
			containerPortal = 7ED4609726C774C000FF4870 /* OEPlatform.xcodeproj */;
			proxyType = 2;
			remoteGlobalIDString = 7EF5A35526C767E300EDFC03;
			remoteInfo = OEPlatform;
		};
		7ED4609E26C774C000FF4870 /* PBXContainerItemProxy */ = {
			isa = PBXContainerItemProxy;
			containerPortal = 7ED4609726C774C000FF4870 /* OEPlatform.xcodeproj */;
			proxyType = 2;
			remoteGlobalIDString = 7EF5A35E26C767E300EDFC03;
			remoteInfo = OEPlatformTests;
		};
		7ED460A026C774CD00FF4870 /* PBXContainerItemProxy */ = {
			isa = PBXContainerItemProxy;
			containerPortal = 7ED4609726C774C000FF4870 /* OEPlatform.xcodeproj */;
			proxyType = 1;
			remoteGlobalIDString = 7EF5A35426C767E300EDFC03;
			remoteInfo = OEPlatform;
		};
		E4AA01B2BB74F50A19D82929 /* PBXContainerItemProxy */ = {
			isa = PBXContainerItemProxy;
			containerPortal = 62A324E70C5E21EEBE2D1D3C /* Login.xcodeproj */;
			proxyType = 2;
			remoteGlobalIDString = 328FFDBBC94C077A39855488;
			remoteInfo = Subproject;
		};
/* End PBXContainerItemProxy section */

/* Begin PBXCopyFilesBuildPhase section */
		7E0D0AF12748776000E1D37D /* Embed App Extensions */ = {
			isa = PBXCopyFilesBuildPhase;
			buildActionMask = 2147483647;
			dstPath = "";
			dstSubfolderSpec = 13;
			files = (
				7E29738627B737F0001D7477 /* Tunnel.appex in Embed App Extensions */,
			);
			name = "Embed App Extensions";
			runOnlyForDeploymentPostprocessing = 0;
		};
		7E3C3C4127486E5A00830824 /* Embed Frameworks */ = {
			isa = PBXCopyFilesBuildPhase;
			buildActionMask = 2147483647;
			dstPath = "";
			dstSubfolderSpec = 10;
			files = (
				7EB65B722748767D005FEA9F /* OmniedgeDylib.framework in Embed Frameworks */,
			);
			name = "Embed Frameworks";
			runOnlyForDeploymentPostprocessing = 0;
		};
/* End PBXCopyFilesBuildPhase section */

/* Begin PBXFileReference section */
		62A324E70C5E21EEBE2D1D3C /* Login.xcodeproj */ = {isa = PBXFileReference; lastKnownFileType = "wrapper.pb-project"; name = Login.xcodeproj; path = ../Libraries/Login/Login.xcodeproj; sourceTree = "<group>"; };
		7E171664274BCAD000DBA41F /* TunnelProvider.swift */ = {isa = PBXFileReference; lastKnownFileType = sourcecode.swift; path = TunnelProvider.swift; sourceTree = "<group>"; };
		7E294A0026C76C2D008DEA5D /* OmniedgeNewApp.swift */ = {isa = PBXFileReference; lastKnownFileType = sourcecode.swift; path = OmniedgeNewApp.swift; sourceTree = "<group>"; };
		7E294A0226C76C2D008DEA5D /* ContentView.swift */ = {isa = PBXFileReference; lastKnownFileType = sourcecode.swift; path = ContentView.swift; sourceTree = "<group>"; };
		7E294A0426C76C2E008DEA5D /* Assets.xcassets */ = {isa = PBXFileReference; lastKnownFileType = folder.assetcatalog; path = Assets.xcassets; sourceTree = "<group>"; };
		7E294A0726C76C2E008DEA5D /* Preview Assets.xcassets */ = {isa = PBXFileReference; lastKnownFileType = folder.assetcatalog; path = "Preview Assets.xcassets"; sourceTree = "<group>"; };
		7E294A0926C76C2E008DEA5D /* Info.plist */ = {isa = PBXFileReference; lastKnownFileType = text.plist.xml; path = Info.plist; sourceTree = "<group>"; };
		7E294A1226C76C2F008DEA5D /* OmniedgeNewTests.swift */ = {isa = PBXFileReference; lastKnownFileType = sourcecode.swift; path = OmniedgeNewTests.swift; sourceTree = "<group>"; };
		7E294A1426C76C2F008DEA5D /* Info.plist */ = {isa = PBXFileReference; lastKnownFileType = text.plist.xml; path = Info.plist; sourceTree = "<group>"; };
		7E294A1D26C76C2F008DEA5D /* OmniedgeNewUITests.swift */ = {isa = PBXFileReference; lastKnownFileType = sourcecode.swift; path = OmniedgeNewUITests.swift; sourceTree = "<group>"; };
		7E294A1F26C76C2F008DEA5D /* Info.plist */ = {isa = PBXFileReference; lastKnownFileType = text.plist.xml; path = Info.plist; sourceTree = "<group>"; };
		7E29738527B737F0001D7477 /* Tunnel.appex */ = {isa = PBXFileReference; lastKnownFileType = "wrapper.app-extension"; name = Tunnel.appex; path = "../../../../Work/XcodeData/Build/Products/Release-iphoneos/Tunnel.appex"; sourceTree = "<group>"; };
		7E29738727B737F0001D7477 /* OmniedgeNew.app */ = {isa = PBXFileReference; explicitFileType = wrapper.application; includeInIndex = 0; path = OmniedgeNew.app; sourceTree = BUILT_PRODUCTS_DIR; };
		7E29738827B738C5001D7477 /* Tunnel.appex */ = {isa = PBXFileReference; explicitFileType = "wrapper.app-extension"; includeInIndex = 0; path = Tunnel.appex; sourceTree = BUILT_PRODUCTS_DIR; };
		7E3C3C532748708100830824 /* OmniedgeNew.entitlements */ = {isa = PBXFileReference; lastKnownFileType = text.plist.entitlements; path = OmniedgeNew.entitlements; sourceTree = "<group>"; };
		7E3C3C542748709600830824 /* OmniedgeNewRelease.entitlements */ = {isa = PBXFileReference; lastKnownFileType = text.plist.entitlements; path = OmniedgeNewRelease.entitlements; sourceTree = "<group>"; };
		7E3C3C55274870BD00830824 /* NetworkExtension.framework */ = {isa = PBXFileReference; lastKnownFileType = wrapper.framework; name = NetworkExtension.framework; path = System/Library/Frameworks/NetworkExtension.framework; sourceTree = SDKROOT; };
		7E61995E274B34720074037A /* OmniEdgeManager.swift */ = {isa = PBXFileReference; fileEncoding = 4; lastKnownFileType = sourcecode.swift; name = OmniEdgeManager.swift; path = ../../Omniedge/OmniEdgeManager.swift; sourceTree = "<group>"; };
		7E659A522715B94E006EFB78 /* AppCoordinator.swift */ = {isa = PBXFileReference; fileEncoding = 4; lastKnownFileType = sourcecode.swift; path = AppCoordinator.swift; sourceTree = "<group>"; };
		7E659A572715B960006EFB78 /* DeviceList.xcodeproj */ = {isa = PBXFileReference; lastKnownFileType = "wrapper.pb-project"; name = DeviceList.xcodeproj; path = DeviceList/DeviceList.xcodeproj; sourceTree = "<group>"; };
		7E74117227B735A300EDE8CE /* OmniedgeNewTests.xctest */ = {isa = PBXFileReference; explicitFileType = wrapper.cfbundle; includeInIndex = 0; name = OmniedgeNewTests.xctest; path = "/Users/samuel/OmniEdge/gitlab/omniedge-ios/OmniedgeNew/build/Debug-iphoneos/OmniedgeNewTests.xctest"; sourceTree = "<absolute>"; };
		7E74117327B735A300EDE8CE /* OmniedgeNewUITests.xctest */ = {isa = PBXFileReference; explicitFileType = wrapper.cfbundle; includeInIndex = 0; name = OmniedgeNewUITests.xctest; path = "/Users/samuel/OmniEdge/gitlab/omniedge-ios/OmniedgeNew/build/Debug-iphoneos/OmniedgeNewUITests.xctest"; sourceTree = "<absolute>"; };
		7E7E937F27AFBB1C00527213 /* PacketTunnelProvider.swift */ = {isa = PBXFileReference; lastKnownFileType = sourcecode.swift; path = PacketTunnelProvider.swift; sourceTree = "<group>"; };
		7E7E938127AFBB1C00527213 /* Info.plist */ = {isa = PBXFileReference; lastKnownFileType = text.plist.xml; path = Info.plist; sourceTree = "<group>"; };
		7E7E938227AFBB1C00527213 /* Tunnel.entitlements */ = {isa = PBXFileReference; lastKnownFileType = text.plist.entitlements; path = Tunnel.entitlements; sourceTree = "<group>"; };
		7E7E938D27AFBC2A00527213 /* PacketTunnelEngine.swift */ = {isa = PBXFileReference; fileEncoding = 4; lastKnownFileType = sourcecode.swift; path = PacketTunnelEngine.swift; sourceTree = "<group>"; };
		7E7E938E27AFBC2A00527213 /* OmniEdgeUDP.swift */ = {isa = PBXFileReference; fileEncoding = 4; lastKnownFileType = sourcecode.swift; path = OmniEdgeUDP.swift; sourceTree = "<group>"; };
		7E7E939127AFBC5E00527213 /* Tunnel-Bridging-Header.h */ = {isa = PBXFileReference; lastKnownFileType = sourcecode.c.h; path = "Tunnel-Bridging-Header.h"; sourceTree = "<group>"; };
		7E7E939227AFBC5F00527213 /* edge_ios_oc.h */ = {isa = PBXFileReference; fileEncoding = 4; lastKnownFileType = sourcecode.c.h; name = edge_ios_oc.h; path = ../../n2n/src/main/cpp/ios/edge_ios_oc.h; sourceTree = "<group>"; };
		7E7E939327AFBC5F00527213 /* edge_ios_oc.m */ = {isa = PBXFileReference; fileEncoding = 4; lastKnownFileType = sourcecode.c.objc; name = edge_ios_oc.m; path = ../../n2n/src/main/cpp/ios/edge_ios_oc.m; sourceTree = "<group>"; };
		7EAEEBD227491AE90009D046 /* n2n.xcodeproj */ = {isa = PBXFileReference; lastKnownFileType = "wrapper.pb-project"; name = n2n.xcodeproj; path = ../n2n/src/main/cpp/ios/n2n.xcodeproj; sourceTree = "<group>"; };
		7EB65B692748765E005FEA9F /* OmniedgeDylib.xcodeproj */ = {isa = PBXFileReference; lastKnownFileType = "wrapper.pb-project"; name = OmniedgeDylib.xcodeproj; path = ../OmniedgeDylib/OmniedgeDylib.xcodeproj; sourceTree = "<group>"; };
		7ED4609726C774C000FF4870 /* OEPlatform.xcodeproj */ = {isa = PBXFileReference; lastKnownFileType = "wrapper.pb-project"; name = OEPlatform.xcodeproj; path = OEPlatform/OEPlatform.xcodeproj; sourceTree = "<group>"; };
		7EF9725F26C8886B00B214A8 /* AllTests.xctestplan */ = {isa = PBXFileReference; lastKnownFileType = text; path = AllTests.xctestplan; sourceTree = "<group>"; };
/* End PBXFileReference section */

/* Begin PBXFrameworksBuildPhase section */
		7E2949FA26C76C2D008DEA5D /* Frameworks */ = {
			isa = PBXFrameworksBuildPhase;
			buildActionMask = 2147483647;
			files = (
				7EB65B7127487672005FEA9F /* OmniedgeDylib.framework in Frameworks */,
				7E3C3C4727486E5C00830824 /* Login.framework in Frameworks */,
				7E3C3C4A27486E5E00830824 /* OEPlatform.framework in Frameworks */,
				7E3C3C3F27486E5A00830824 /* DeviceList.framework in Frameworks */,
				7E3C3C522748702E00830824 /* OEUIKit in Frameworks */,
				7E01CBBA272F9DC100E76A47 /* KeychainAccess in Frameworks */,
				7E3C3C56274870BD00830824 /* NetworkExtension.framework in Frameworks */,
				7E3C3C4E2748700600830824 /* OENetwork in Frameworks */,
				7E3C3C502748700B00830824 /* OEDI in Frameworks */,
			);
			runOnlyForDeploymentPostprocessing = 0;
		};
		7E294A0B26C76C2F008DEA5D /* Frameworks */ = {
			isa = PBXFrameworksBuildPhase;
			buildActionMask = 2147483647;
			files = (
			);
			runOnlyForDeploymentPostprocessing = 0;
		};
		7E294A1626C76C2F008DEA5D /* Frameworks */ = {
			isa = PBXFrameworksBuildPhase;
			buildActionMask = 2147483647;
			files = (
			);
			runOnlyForDeploymentPostprocessing = 0;
		};
		7E7E937927AFBB1C00527213 /* Frameworks */ = {
			isa = PBXFrameworksBuildPhase;
			buildActionMask = 2147483647;
			files = (
				7E7E939727AFBEE600527213 /* libn2n.a in Frameworks */,
				7E7E938C27AFBB8A00527213 /* OmniedgeDylib.framework in Frameworks */,
				7E7E937D27AFBB1C00527213 /* NetworkExtension.framework in Frameworks */,
			);
			runOnlyForDeploymentPostprocessing = 0;
		};
/* End PBXFrameworksBuildPhase section */

/* Begin PBXGroup section */
		7E2949F426C76C2D008DEA5D = {
			isa = PBXGroup;
			children = (
				7E29738527B737F0001D7477 /* Tunnel.appex */,
				7EAEEBD227491AE90009D046 /* n2n.xcodeproj */,
				7EB65B692748765E005FEA9F /* OmniedgeDylib.xcodeproj */,
				7E7E937E27AFBB1C00527213 /* Tunnel */,
				7ED460A226C774D300FF4870 /* Frameworks */,
				7ED4608026C774AF00FF4870 /* Libraries */,
				7E2949FF26C76C2D008DEA5D /* OmniedgeNew */,
				7E294A1126C76C2F008DEA5D /* OmniedgeNewTests */,
				7E294A1C26C76C2F008DEA5D /* OmniedgeNewUITests */,
				7E2949FE26C76C2D008DEA5D /* Products */,
				7EF9725F26C8886B00B214A8 /* AllTests.xctestplan */,
			);
			sourceTree = "<group>";
		};
		7E2949FE26C76C2D008DEA5D /* Products */ = {
			isa = PBXGroup;
			children = (
				7077C9A16102209123401BD1 /* Login.framework */,
				97756A587B2525F2C64761EC /* LoginDemo.app */,
				FB0E2B5017107E8C9B8D75EA /* LoginTests.xctest */,
				7E29738727B737F0001D7477 /* OmniedgeNew.app */,
				7E29738827B738C5001D7477 /* Tunnel.appex */,
			);
			name = Products;
			sourceTree = "<group>";
		};
		7E2949FF26C76C2D008DEA5D /* OmniedgeNew */ = {
			isa = PBXGroup;
			children = (
				7E61995E274B34720074037A /* OmniEdgeManager.swift */,
				7E171664274BCAD000DBA41F /* TunnelProvider.swift */,
				7E3C3C542748709600830824 /* OmniedgeNewRelease.entitlements */,
				7E3C3C532748708100830824 /* OmniedgeNew.entitlements */,
				7E659A512715B94E006EFB78 /* Coordinator */,
				7E294A0626C76C2E008DEA5D /* Preview Content */,
				7E294A0426C76C2E008DEA5D /* Assets.xcassets */,
				7E294A0226C76C2D008DEA5D /* ContentView.swift */,
				7E294A0926C76C2E008DEA5D /* Info.plist */,
				7E294A0026C76C2D008DEA5D /* OmniedgeNewApp.swift */,
			);
			path = OmniedgeNew;
			sourceTree = "<group>";
		};
		7E294A0626C76C2E008DEA5D /* Preview Content */ = {
			isa = PBXGroup;
			children = (
				7E294A0726C76C2E008DEA5D /* Preview Assets.xcassets */,
			);
			path = "Preview Content";
			sourceTree = "<group>";
		};
		7E294A1126C76C2F008DEA5D /* OmniedgeNewTests */ = {
			isa = PBXGroup;
			children = (
				7E294A1426C76C2F008DEA5D /* Info.plist */,
				7E294A1226C76C2F008DEA5D /* OmniedgeNewTests.swift */,
			);
			path = OmniedgeNewTests;
			sourceTree = "<group>";
		};
		7E294A1C26C76C2F008DEA5D /* OmniedgeNewUITests */ = {
			isa = PBXGroup;
			children = (
				7E294A1F26C76C2F008DEA5D /* Info.plist */,
				7E294A1D26C76C2F008DEA5D /* OmniedgeNewUITests.swift */,
			);
			path = OmniedgeNewUITests;
			sourceTree = "<group>";
		};
		7E659A512715B94E006EFB78 /* Coordinator */ = {
			isa = PBXGroup;
			children = (
				7E659A522715B94E006EFB78 /* AppCoordinator.swift */,
			);
			path = Coordinator;
			sourceTree = "<group>";
		};
		7E659A582715B960006EFB78 /* Products */ = {
			isa = PBXGroup;
			children = (
				7E659A5F2715B960006EFB78 /* DeviceList.framework */,
				7E659A612715B960006EFB78 /* DeviceListDemo.app */,
				7E659A632715B960006EFB78 /* DeviceListTests.xctest */,
			);
			name = Products;
			sourceTree = "<group>";
		};
		7E7E937E27AFBB1C00527213 /* Tunnel */ = {
			isa = PBXGroup;
			children = (
				7E7E938E27AFBC2A00527213 /* OmniEdgeUDP.swift */,
				7E7E938D27AFBC2A00527213 /* PacketTunnelEngine.swift */,
				7E7E939227AFBC5F00527213 /* edge_ios_oc.h */,
				7E7E939327AFBC5F00527213 /* edge_ios_oc.m */,
				7E7E937F27AFBB1C00527213 /* PacketTunnelProvider.swift */,
				7E7E938127AFBB1C00527213 /* Info.plist */,
				7E7E938227AFBB1C00527213 /* Tunnel.entitlements */,
				7E7E939127AFBC5E00527213 /* Tunnel-Bridging-Header.h */,
			);
			path = Tunnel;
			sourceTree = "<group>";
		};
		7EAEEBD327491AE90009D046 /* Products */ = {
			isa = PBXGroup;
			children = (
				7EAEEBD727491AE90009D046 /* libn2n.a */,
			);
			name = Products;
			sourceTree = "<group>";
		};
		7EB65B6A2748765E005FEA9F /* Products */ = {
			isa = PBXGroup;
			children = (
				7EB65B6E2748765E005FEA9F /* OmniedgeDylib.framework */,
			);
			name = Products;
			sourceTree = "<group>";
		};
		7ED4608026C774AF00FF4870 /* Libraries */ = {
			isa = PBXGroup;
			children = (
				7E659A572715B960006EFB78 /* DeviceList.xcodeproj */,
				62A324E70C5E21EEBE2D1D3C /* Login.xcodeproj */,
				7ED4609726C774C000FF4870 /* OEPlatform.xcodeproj */,
			);
			name = Libraries;
			path = ../Libraries;
			sourceTree = "<group>";
		};
		7ED4609826C774C000FF4870 /* Products */ = {
			isa = PBXGroup;
			children = (
				7ED4609D26C774C000FF4870 /* OEPlatform.framework */,
				7ED4609F26C774C000FF4870 /* OEPlatformTests.xctest */,
			);
			name = Products;
			sourceTree = "<group>";
		};
		7ED460A226C774D300FF4870 /* Frameworks */ = {
			isa = PBXGroup;
			children = (
				7E3C3C55274870BD00830824 /* NetworkExtension.framework */,
			);
			name = Frameworks;
			sourceTree = "<group>";
		};
/* End PBXGroup section */

/* Begin PBXNativeTarget section */
		7E2949FC26C76C2D008DEA5D /* OmniedgeNew */ = {
			isa = PBXNativeTarget;
			buildConfigurationList = 7E294A2226C76C2F008DEA5D /* Build configuration list for PBXNativeTarget "OmniedgeNew" */;
			buildPhases = (
				7E2949F926C76C2D008DEA5D /* Sources */,
				7E2949FA26C76C2D008DEA5D /* Frameworks */,
				7E2949FB26C76C2D008DEA5D /* Resources */,
				7E3C3C4127486E5A00830824 /* Embed Frameworks */,
				7E0D0AF12748776000E1D37D /* Embed App Extensions */,
			);
			buildRules = (
			);
			dependencies = (
				7EB65B702748766A005FEA9F /* PBXTargetDependency */,
				7E01CBC3272FAA9600E76A47 /* PBXTargetDependency */,
				7E659A652715B96B006EFB78 /* PBXTargetDependency */,
				7E184FF926DB178500038DAD /* PBXTargetDependency */,
				7ED460A126C774CD00FF4870 /* PBXTargetDependency */,
				7E7E938427AFBB1C00527213 /* PBXTargetDependency */,
			);
			name = OmniedgeNew;
			packageProductDependencies = (
				7E01CBB9272F9DC100E76A47 /* KeychainAccess */,
				7E3C3C4D2748700600830824 /* OENetwork */,
				7E3C3C4F2748700B00830824 /* OEDI */,
				7E3C3C512748702E00830824 /* OEUIKit */,
			);
			productName = OmniedgeNew;
			productReference = 7E29738727B737F0001D7477 /* OmniedgeNew.app */;
			productType = "com.apple.product-type.application";
		};
		7E294A0D26C76C2F008DEA5D /* OmniedgeNewTests */ = {
			isa = PBXNativeTarget;
			buildConfigurationList = 7E294A2526C76C2F008DEA5D /* Build configuration list for PBXNativeTarget "OmniedgeNewTests" */;
			buildPhases = (
				7E294A0A26C76C2F008DEA5D /* Sources */,
				7E294A0B26C76C2F008DEA5D /* Frameworks */,
				7E294A0C26C76C2F008DEA5D /* Resources */,
			);
			buildRules = (
			);
			dependencies = (
				7E294A1026C76C2F008DEA5D /* PBXTargetDependency */,
			);
			name = OmniedgeNewTests;
			productName = OmniedgeNewTests;
			productReference = 7E74117227B735A300EDE8CE /* OmniedgeNewTests.xctest */;
			productType = "com.apple.product-type.bundle.unit-test";
		};
		7E294A1826C76C2F008DEA5D /* OmniedgeNewUITests */ = {
			isa = PBXNativeTarget;
			buildConfigurationList = 7E294A2826C76C2F008DEA5D /* Build configuration list for PBXNativeTarget "OmniedgeNewUITests" */;
			buildPhases = (
				7E294A1526C76C2F008DEA5D /* Sources */,
				7E294A1626C76C2F008DEA5D /* Frameworks */,
				7E294A1726C76C2F008DEA5D /* Resources */,
			);
			buildRules = (
			);
			dependencies = (
				7E294A1B26C76C2F008DEA5D /* PBXTargetDependency */,
			);
			name = OmniedgeNewUITests;
			productName = OmniedgeNewUITests;
			productReference = 7E74117327B735A300EDE8CE /* OmniedgeNewUITests.xctest */;
			productType = "com.apple.product-type.bundle.ui-testing";
		};
		7E7E937B27AFBB1C00527213 /* Tunnel */ = {
			isa = PBXNativeTarget;
			buildConfigurationList = 7E7E938727AFBB1C00527213 /* Build configuration list for PBXNativeTarget "Tunnel" */;
			buildPhases = (
				7E7E937827AFBB1C00527213 /* Sources */,
				7E7E937927AFBB1C00527213 /* Frameworks */,
				7E7E937A27AFBB1C00527213 /* Resources */,
			);
			buildRules = (
			);
			dependencies = (
				7E7E939627AFBEDF00527213 /* PBXTargetDependency */,
				7E7E938B27AFBB7F00527213 /* PBXTargetDependency */,
			);
			name = Tunnel;
			productName = Tunnel;
			productReference = 7E29738827B738C5001D7477 /* Tunnel.appex */;
			productType = "com.apple.product-type.app-extension";
		};
/* End PBXNativeTarget section */

/* Begin PBXProject section */
		7E2949F526C76C2D008DEA5D /* Project object */ = {
			isa = PBXProject;
			attributes = {
				LastSwiftUpdateCheck = 1320;
				LastUpgradeCheck = 1250;
				TargetAttributes = {
					7E2949FC26C76C2D008DEA5D = {
						CreatedOnToolsVersion = 12.5;
					};
					7E294A0D26C76C2F008DEA5D = {
						CreatedOnToolsVersion = 12.5;
						TestTargetID = 7E2949FC26C76C2D008DEA5D;
					};
					7E294A1826C76C2F008DEA5D = {
						CreatedOnToolsVersion = 12.5;
						TestTargetID = 7E2949FC26C76C2D008DEA5D;
					};
					7E7E937B27AFBB1C00527213 = {
						CreatedOnToolsVersion = 13.2.1;
						LastSwiftMigration = 1320;
					};
				};
			};
			buildConfigurationList = 7E2949F826C76C2D008DEA5D /* Build configuration list for PBXProject "OmniedgeNew" */;
			compatibilityVersion = "Xcode 9.3";
			developmentRegion = en;
			hasScannedForEncodings = 0;
			knownRegions = (
				en,
				Base,
			);
			mainGroup = 7E2949F426C76C2D008DEA5D;
			packageReferences = (
				7E01CBB8272F9DC100E76A47 /* XCRemoteSwiftPackageReference "KeychainAccess" */,
			);
			productRefGroup = 7E2949FE26C76C2D008DEA5D /* Products */;
			projectDirPath = "";
			projectReferences = (
				{
					ProductGroup = 7E659A582715B960006EFB78 /* Products */;
					ProjectRef = 7E659A572715B960006EFB78 /* DeviceList.xcodeproj */;
				},
				{
					ProductGroup = 7E2949FE26C76C2D008DEA5D /* Products */;
					ProjectRef = 62A324E70C5E21EEBE2D1D3C /* Login.xcodeproj */;
				},
				{
					ProductGroup = 7EAEEBD327491AE90009D046 /* Products */;
					ProjectRef = 7EAEEBD227491AE90009D046 /* n2n.xcodeproj */;
				},
				{
					ProductGroup = 7ED4609826C774C000FF4870 /* Products */;
					ProjectRef = 7ED4609726C774C000FF4870 /* OEPlatform.xcodeproj */;
				},
				{
					ProductGroup = 7EB65B6A2748765E005FEA9F /* Products */;
					ProjectRef = 7EB65B692748765E005FEA9F /* OmniedgeDylib.xcodeproj */;
				},
			);
			projectRoot = "";
			targets = (
				7E2949FC26C76C2D008DEA5D /* OmniedgeNew */,
				7E294A0D26C76C2F008DEA5D /* OmniedgeNewTests */,
				7E294A1826C76C2F008DEA5D /* OmniedgeNewUITests */,
				7E7E937B27AFBB1C00527213 /* Tunnel */,
			);
		};
/* End PBXProject section */

/* Begin PBXReferenceProxy section */
		7077C9A16102209123401BD1 /* Login.framework */ = {
			isa = PBXReferenceProxy;
			fileType = wrapper.framework;
			path = Login.framework;
			remoteRef = 0EF0D97C9DAFA5A410AB0F21 /* PBXContainerItemProxy */;
			sourceTree = BUILT_PRODUCTS_DIR;
		};
		7E659A5F2715B960006EFB78 /* DeviceList.framework */ = {
			isa = PBXReferenceProxy;
			fileType = wrapper.framework;
			path = DeviceList.framework;
			remoteRef = 7E659A5E2715B960006EFB78 /* PBXContainerItemProxy */;
			sourceTree = BUILT_PRODUCTS_DIR;
		};
		7E659A612715B960006EFB78 /* DeviceListDemo.app */ = {
			isa = PBXReferenceProxy;
			fileType = wrapper.application;
			path = DeviceListDemo.app;
			remoteRef = 7E659A602715B960006EFB78 /* PBXContainerItemProxy */;
			sourceTree = BUILT_PRODUCTS_DIR;
		};
		7E659A632715B960006EFB78 /* DeviceListTests.xctest */ = {
			isa = PBXReferenceProxy;
			fileType = wrapper.cfbundle;
			path = DeviceListTests.xctest;
			remoteRef = 7E659A622715B960006EFB78 /* PBXContainerItemProxy */;
			sourceTree = BUILT_PRODUCTS_DIR;
		};
		7EAEEBD727491AE90009D046 /* libn2n.a */ = {
			isa = PBXReferenceProxy;
			fileType = archive.ar;
			path = libn2n.a;
			remoteRef = 7EAEEBD627491AE90009D046 /* PBXContainerItemProxy */;
			sourceTree = BUILT_PRODUCTS_DIR;
		};
		7EB65B6E2748765E005FEA9F /* OmniedgeDylib.framework */ = {
			isa = PBXReferenceProxy;
			fileType = wrapper.framework;
			path = OmniedgeDylib.framework;
			remoteRef = 7EB65B6D2748765E005FEA9F /* PBXContainerItemProxy */;
			sourceTree = BUILT_PRODUCTS_DIR;
		};
		7ED4609D26C774C000FF4870 /* OEPlatform.framework */ = {
			isa = PBXReferenceProxy;
			fileType = wrapper.framework;
			path = OEPlatform.framework;
			remoteRef = 7ED4609C26C774C000FF4870 /* PBXContainerItemProxy */;
			sourceTree = BUILT_PRODUCTS_DIR;
		};
		7ED4609F26C774C000FF4870 /* OEPlatformTests.xctest */ = {
			isa = PBXReferenceProxy;
			fileType = wrapper.cfbundle;
			path = OEPlatformTests.xctest;
			remoteRef = 7ED4609E26C774C000FF4870 /* PBXContainerItemProxy */;
			sourceTree = BUILT_PRODUCTS_DIR;
		};
		97756A587B2525F2C64761EC /* LoginDemo.app */ = {
			isa = PBXReferenceProxy;
			fileType = wrapper.application;
			path = LoginDemo.app;
			remoteRef = 3FA946E9932642B39DBCFA9D /* PBXContainerItemProxy */;
			sourceTree = BUILT_PRODUCTS_DIR;
		};
		FB0E2B5017107E8C9B8D75EA /* LoginTests.xctest */ = {
			isa = PBXReferenceProxy;
			fileType = wrapper.cfbundle;
			path = LoginTests.xctest;
			remoteRef = E4AA01B2BB74F50A19D82929 /* PBXContainerItemProxy */;
			sourceTree = BUILT_PRODUCTS_DIR;
		};
/* End PBXReferenceProxy section */

/* Begin PBXResourcesBuildPhase section */
		7E2949FB26C76C2D008DEA5D /* Resources */ = {
			isa = PBXResourcesBuildPhase;
			buildActionMask = 2147483647;
			files = (
				7E294A0526C76C2E008DEA5D /* Assets.xcassets in Resources */,
				7E294A0826C76C2E008DEA5D /* Preview Assets.xcassets in Resources */,
			);
			runOnlyForDeploymentPostprocessing = 0;
		};
		7E294A0C26C76C2F008DEA5D /* Resources */ = {
			isa = PBXResourcesBuildPhase;
			buildActionMask = 2147483647;
			files = (
			);
			runOnlyForDeploymentPostprocessing = 0;
		};
		7E294A1726C76C2F008DEA5D /* Resources */ = {
			isa = PBXResourcesBuildPhase;
			buildActionMask = 2147483647;
			files = (
			);
			runOnlyForDeploymentPostprocessing = 0;
		};
		7E7E937A27AFBB1C00527213 /* Resources */ = {
			isa = PBXResourcesBuildPhase;
			buildActionMask = 2147483647;
			files = (
			);
			runOnlyForDeploymentPostprocessing = 0;
		};
/* End PBXResourcesBuildPhase section */

/* Begin PBXSourcesBuildPhase section */
		7E2949F926C76C2D008DEA5D /* Sources */ = {
			isa = PBXSourcesBuildPhase;
			buildActionMask = 2147483647;
			files = (
				7E659A562715B94E006EFB78 /* AppCoordinator.swift in Sources */,
				7E294A0326C76C2D008DEA5D /* ContentView.swift in Sources */,
				7E294A0126C76C2D008DEA5D /* OmniedgeNewApp.swift in Sources */,
				7E619964274B34730074037A /* OmniEdgeManager.swift in Sources */,
				7E171665274BCAD000DBA41F /* TunnelProvider.swift in Sources */,
			);
			runOnlyForDeploymentPostprocessing = 0;
		};
		7E294A0A26C76C2F008DEA5D /* Sources */ = {
			isa = PBXSourcesBuildPhase;
			buildActionMask = 2147483647;
			files = (
				7E294A1326C76C2F008DEA5D /* OmniedgeNewTests.swift in Sources */,
			);
			runOnlyForDeploymentPostprocessing = 0;
		};
		7E294A1526C76C2F008DEA5D /* Sources */ = {
			isa = PBXSourcesBuildPhase;
			buildActionMask = 2147483647;
			files = (
				7E294A1E26C76C2F008DEA5D /* OmniedgeNewUITests.swift in Sources */,
			);
			runOnlyForDeploymentPostprocessing = 0;
		};
		7E7E937827AFBB1C00527213 /* Sources */ = {
			isa = PBXSourcesBuildPhase;
			buildActionMask = 2147483647;
			files = (
				7E7E939427AFBC5F00527213 /* edge_ios_oc.m in Sources */,
				7E7E938027AFBB1C00527213 /* PacketTunnelProvider.swift in Sources */,
				7E7E938F27AFBC2A00527213 /* PacketTunnelEngine.swift in Sources */,
				7E7E939027AFBC2A00527213 /* OmniEdgeUDP.swift in Sources */,
			);
			runOnlyForDeploymentPostprocessing = 0;
		};
/* End PBXSourcesBuildPhase section */

/* Begin PBXTargetDependency section */
		7E01CBC3272FAA9600E76A47 /* PBXTargetDependency */ = {
			isa = PBXTargetDependency;
			productRef = 7E01CBC2272FAA9600E76A47 /* KeychainAccess */;
		};
		7E184FF926DB178500038DAD /* PBXTargetDependency */ = {
			isa = PBXTargetDependency;
			name = Login;
			targetProxy = 7E184FF826DB178500038DAD /* PBXContainerItemProxy */;
		};
		7E294A1026C76C2F008DEA5D /* PBXTargetDependency */ = {
			isa = PBXTargetDependency;
			target = 7E2949FC26C76C2D008DEA5D /* OmniedgeNew */;
			targetProxy = 7E294A0F26C76C2F008DEA5D /* PBXContainerItemProxy */;
		};
		7E294A1B26C76C2F008DEA5D /* PBXTargetDependency */ = {
			isa = PBXTargetDependency;
			target = 7E2949FC26C76C2D008DEA5D /* OmniedgeNew */;
			targetProxy = 7E294A1A26C76C2F008DEA5D /* PBXContainerItemProxy */;
		};
		7E659A652715B96B006EFB78 /* PBXTargetDependency */ = {
			isa = PBXTargetDependency;
			name = DeviceList;
			targetProxy = 7E659A642715B96B006EFB78 /* PBXContainerItemProxy */;
		};
		7E7E938427AFBB1C00527213 /* PBXTargetDependency */ = {
			isa = PBXTargetDependency;
			target = 7E7E937B27AFBB1C00527213 /* Tunnel */;
			targetProxy = 7E7E938327AFBB1C00527213 /* PBXContainerItemProxy */;
		};
		7E7E938B27AFBB7F00527213 /* PBXTargetDependency */ = {
			isa = PBXTargetDependency;
			name = OmniedgeDylib;
			targetProxy = 7E7E938A27AFBB7F00527213 /* PBXContainerItemProxy */;
		};
		7E7E939627AFBEDF00527213 /* PBXTargetDependency */ = {
			isa = PBXTargetDependency;
			name = n2n;
			targetProxy = 7E7E939527AFBEDF00527213 /* PBXContainerItemProxy */;
		};
		7EB65B702748766A005FEA9F /* PBXTargetDependency */ = {
			isa = PBXTargetDependency;
			name = OmniedgeDylib;
			targetProxy = 7EB65B6F2748766A005FEA9F /* PBXContainerItemProxy */;
		};
		7ED460A126C774CD00FF4870 /* PBXTargetDependency */ = {
			isa = PBXTargetDependency;
			name = OEPlatform;
			targetProxy = 7ED460A026C774CD00FF4870 /* PBXContainerItemProxy */;
		};
/* End PBXTargetDependency section */

/* Begin XCBuildConfiguration section */
		7E294A2026C76C2F008DEA5D /* Debug */ = {
			isa = XCBuildConfiguration;
			buildSettings = {
				ALWAYS_SEARCH_USER_PATHS = NO;
				CLANG_ANALYZER_NONNULL = YES;
				CLANG_ANALYZER_NUMBER_OBJECT_CONVERSION = YES_AGGRESSIVE;
				CLANG_CXX_LANGUAGE_STANDARD = "gnu++14";
				CLANG_CXX_LIBRARY = "libc++";
				CLANG_ENABLE_MODULES = YES;
				CLANG_ENABLE_OBJC_ARC = YES;
				CLANG_ENABLE_OBJC_WEAK = YES;
				CLANG_WARN_BLOCK_CAPTURE_AUTORELEASING = YES;
				CLANG_WARN_BOOL_CONVERSION = YES;
				CLANG_WARN_COMMA = YES;
				CLANG_WARN_CONSTANT_CONVERSION = YES;
				CLANG_WARN_DEPRECATED_OBJC_IMPLEMENTATIONS = YES;
				CLANG_WARN_DIRECT_OBJC_ISA_USAGE = YES_ERROR;
				CLANG_WARN_DOCUMENTATION_COMMENTS = YES;
				CLANG_WARN_EMPTY_BODY = YES;
				CLANG_WARN_ENUM_CONVERSION = YES;
				CLANG_WARN_INFINITE_RECURSION = YES;
				CLANG_WARN_INT_CONVERSION = YES;
				CLANG_WARN_NON_LITERAL_NULL_CONVERSION = YES;
				CLANG_WARN_OBJC_IMPLICIT_RETAIN_SELF = YES;
				CLANG_WARN_OBJC_LITERAL_CONVERSION = YES;
				CLANG_WARN_OBJC_ROOT_CLASS = YES_ERROR;
				CLANG_WARN_QUOTED_INCLUDE_IN_FRAMEWORK_HEADER = YES;
				CLANG_WARN_RANGE_LOOP_ANALYSIS = YES;
				CLANG_WARN_STRICT_PROTOTYPES = YES;
				CLANG_WARN_SUSPICIOUS_MOVE = YES;
				CLANG_WARN_UNGUARDED_AVAILABILITY = YES_AGGRESSIVE;
				CLANG_WARN_UNREACHABLE_CODE = YES;
				CLANG_WARN__DUPLICATE_METHOD_MATCH = YES;
				CODE_SIGN_IDENTITY = "Apple Development: samuel song (RPL997R66K)";
				CODE_SIGN_STYLE = Manual;
				COPY_PHASE_STRIP = NO;
				DEBUG_INFORMATION_FORMAT = dwarf;
				ENABLE_STRICT_OBJC_MSGSEND = YES;
				ENABLE_TESTABILITY = YES;
				GCC_C_LANGUAGE_STANDARD = gnu11;
				GCC_DYNAMIC_NO_PIC = NO;
				GCC_NO_COMMON_BLOCKS = YES;
				GCC_OPTIMIZATION_LEVEL = 0;
				GCC_PREPROCESSOR_DEFINITIONS = (
					"DEBUG=1",
					"$(inherited)",
					TUNNEL_BRIDGE,
				);
				GCC_WARN_64_TO_32_BIT_CONVERSION = YES;
				GCC_WARN_ABOUT_RETURN_TYPE = YES_ERROR;
				GCC_WARN_UNDECLARED_SELECTOR = YES;
				GCC_WARN_UNINITIALIZED_AUTOS = YES_AGGRESSIVE;
				GCC_WARN_UNUSED_FUNCTION = YES;
				GCC_WARN_UNUSED_VARIABLE = YES;
				HEADER_SEARCH_PATHS = "\"$(SRCROOT)/../n2n/src/main/cpp/edge_jni\"";
				IPHONEOS_DEPLOYMENT_TARGET = 14.0;
				MTL_ENABLE_DEBUG_INFO = INCLUDE_SOURCE;
				MTL_FAST_MATH = YES;
				ONLY_ACTIVE_ARCH = YES;
				SDKROOT = iphoneos;
				SWIFT_ACTIVE_COMPILATION_CONDITIONS = DEBUG;
				SWIFT_OPTIMIZATION_LEVEL = "-Onone";
			};
			name = Debug;
		};
		7E294A2126C76C2F008DEA5D /* Release */ = {
			isa = XCBuildConfiguration;
			buildSettings = {
				ALWAYS_SEARCH_USER_PATHS = NO;
				CLANG_ANALYZER_NONNULL = YES;
				CLANG_ANALYZER_NUMBER_OBJECT_CONVERSION = YES_AGGRESSIVE;
				CLANG_CXX_LANGUAGE_STANDARD = "gnu++14";
				CLANG_CXX_LIBRARY = "libc++";
				CLANG_ENABLE_MODULES = YES;
				CLANG_ENABLE_OBJC_ARC = YES;
				CLANG_ENABLE_OBJC_WEAK = YES;
				CLANG_WARN_BLOCK_CAPTURE_AUTORELEASING = YES;
				CLANG_WARN_BOOL_CONVERSION = YES;
				CLANG_WARN_COMMA = YES;
				CLANG_WARN_CONSTANT_CONVERSION = YES;
				CLANG_WARN_DEPRECATED_OBJC_IMPLEMENTATIONS = YES;
				CLANG_WARN_DIRECT_OBJC_ISA_USAGE = YES_ERROR;
				CLANG_WARN_DOCUMENTATION_COMMENTS = YES;
				CLANG_WARN_EMPTY_BODY = YES;
				CLANG_WARN_ENUM_CONVERSION = YES;
				CLANG_WARN_INFINITE_RECURSION = YES;
				CLANG_WARN_INT_CONVERSION = YES;
				CLANG_WARN_NON_LITERAL_NULL_CONVERSION = YES;
				CLANG_WARN_OBJC_IMPLICIT_RETAIN_SELF = YES;
				CLANG_WARN_OBJC_LITERAL_CONVERSION = YES;
				CLANG_WARN_OBJC_ROOT_CLASS = YES_ERROR;
				CLANG_WARN_QUOTED_INCLUDE_IN_FRAMEWORK_HEADER = YES;
				CLANG_WARN_RANGE_LOOP_ANALYSIS = YES;
				CLANG_WARN_STRICT_PROTOTYPES = YES;
				CLANG_WARN_SUSPICIOUS_MOVE = YES;
				CLANG_WARN_UNGUARDED_AVAILABILITY = YES_AGGRESSIVE;
				CLANG_WARN_UNREACHABLE_CODE = YES;
				CLANG_WARN__DUPLICATE_METHOD_MATCH = YES;
				CODE_SIGN_IDENTITY = "Apple Development: samuel song (RPL997R66K)";
				CODE_SIGN_STYLE = Manual;
				COPY_PHASE_STRIP = NO;
				DEBUG_INFORMATION_FORMAT = "dwarf-with-dsym";
				ENABLE_NS_ASSERTIONS = NO;
				ENABLE_STRICT_OBJC_MSGSEND = YES;
				GCC_C_LANGUAGE_STANDARD = gnu11;
				GCC_NO_COMMON_BLOCKS = YES;
				GCC_PREPROCESSOR_DEFINITIONS = TUNNEL_BRIDGE;
				GCC_WARN_64_TO_32_BIT_CONVERSION = YES;
				GCC_WARN_ABOUT_RETURN_TYPE = YES_ERROR;
				GCC_WARN_UNDECLARED_SELECTOR = YES;
				GCC_WARN_UNINITIALIZED_AUTOS = YES_AGGRESSIVE;
				GCC_WARN_UNUSED_FUNCTION = YES;
				GCC_WARN_UNUSED_VARIABLE = YES;
				HEADER_SEARCH_PATHS = "\"$(SRCROOT)/../n2n/src/main/cpp/edge_jni\"";
				IPHONEOS_DEPLOYMENT_TARGET = 14.0;
				MTL_ENABLE_DEBUG_INFO = NO;
				MTL_FAST_MATH = YES;
				SDKROOT = iphoneos;
				SWIFT_COMPILATION_MODE = wholemodule;
				SWIFT_OPTIMIZATION_LEVEL = "-O";
				VALIDATE_PRODUCT = YES;
			};
			name = Release;
		};
		7E294A2326C76C2F008DEA5D /* Debug */ = {
			isa = XCBuildConfiguration;
			buildSettings = {
				ALWAYS_EMBED_SWIFT_STANDARD_LIBRARIES = YES;
				ASSETCATALOG_COMPILER_APPICON_NAME = AppIcon;
				ASSETCATALOG_COMPILER_GLOBAL_ACCENT_COLOR_NAME = AccentColor;
				CODE_SIGN_ENTITLEMENTS = OmniedgeNew/OmniedgeNew.entitlements;
				CODE_SIGN_IDENTITY = "Apple Development";
				CODE_SIGN_STYLE = Automatic;
				CURRENT_PROJECT_VERSION = 9;
				DEVELOPMENT_ASSET_PATHS = "\"OmniedgeNew/Preview Content\"";
				DEVELOPMENT_TEAM = 9D68HRF7M3;
				ENABLE_PREVIEWS = YES;
				GCC_PREPROCESSOR_DEFINITIONS = (
					"DEBUG=1",
					"$(inherited)",
					OMNIEDGE_BRIDGE,
					__IOS_PLATFORM__,
				);
				INFOPLIST_FILE = OmniedgeNew/Info.plist;
				IPHONEOS_DEPLOYMENT_TARGET = 14.0;
				LD_RUNPATH_SEARCH_PATHS = (
					"$(inherited)",
					"@executable_path/Frameworks",
				);
				MARKETING_VERSION = 1.0.9;
				PRODUCT_BUNDLE_IDENTIFIER = com.jieqi.omniedge;
				PRODUCT_NAME = "$(TARGET_NAME)";
				PROVISIONING_PROFILE_SPECIFIER = "";
				SWIFT_VERSION = 5.0;
				TARGETED_DEVICE_FAMILY = "1,2";
			};
			name = Debug;
		};
		7E294A2426C76C2F008DEA5D /* Release */ = {
			isa = XCBuildConfiguration;
			buildSettings = {
				ALWAYS_EMBED_SWIFT_STANDARD_LIBRARIES = YES;
				ASSETCATALOG_COMPILER_APPICON_NAME = AppIcon;
				ASSETCATALOG_COMPILER_GLOBAL_ACCENT_COLOR_NAME = AccentColor;
				CODE_SIGN_ENTITLEMENTS = OmniedgeNew/OmniedgeNewRelease.entitlements;
				CODE_SIGN_IDENTITY = "Apple Development";
				CODE_SIGN_STYLE = Automatic;
				CURRENT_PROJECT_VERSION = 9;
				DEVELOPMENT_ASSET_PATHS = "\"OmniedgeNew/Preview Content\"";
				DEVELOPMENT_TEAM = 9D68HRF7M3;
				ENABLE_PREVIEWS = YES;
				GCC_PREPROCESSOR_DEFINITIONS = (
					OMNIEDGE_BRIDGE,
					__IOS_PLATFORM__,
				);
				INFOPLIST_FILE = OmniedgeNew/Info.plist;
				IPHONEOS_DEPLOYMENT_TARGET = 14.0;
				LD_RUNPATH_SEARCH_PATHS = (
					"$(inherited)",
					"@executable_path/Frameworks",
				);
				MARKETING_VERSION = 1.0.9;
				PRODUCT_BUNDLE_IDENTIFIER = com.jieqi.omniedge;
				PRODUCT_NAME = "$(TARGET_NAME)";
				PROVISIONING_PROFILE_SPECIFIER = "";
				SWIFT_VERSION = 5.0;
				TARGETED_DEVICE_FAMILY = "1,2";
			};
			name = Release;
		};
		7E294A2626C76C2F008DEA5D /* Debug */ = {
			isa = XCBuildConfiguration;
			buildSettings = {
				ALWAYS_EMBED_SWIFT_STANDARD_LIBRARIES = YES;
				BUNDLE_LOADER = "$(TEST_HOST)";
				CODE_SIGN_STYLE = Automatic;
				DEVELOPMENT_TEAM = S4K8QNVVRR;
				INFOPLIST_FILE = OmniedgeNewTests/Info.plist;
				IPHONEOS_DEPLOYMENT_TARGET = 14.1;
				LD_RUNPATH_SEARCH_PATHS = (
					"$(inherited)",
					"@executable_path/Frameworks",
					"@loader_path/Frameworks",
				);
				PRODUCT_BUNDLE_IDENTIFIER = com.meandlife.OmniedgeNewTests;
				PRODUCT_NAME = "$(TARGET_NAME)";
				SWIFT_VERSION = 5.0;
				TARGETED_DEVICE_FAMILY = "1,2";
				TEST_HOST = "$(BUILT_PRODUCTS_DIR)/OmniedgeNew.app/OmniedgeNew";
			};
			name = Debug;
		};
		7E294A2726C76C2F008DEA5D /* Release */ = {
			isa = XCBuildConfiguration;
			buildSettings = {
				ALWAYS_EMBED_SWIFT_STANDARD_LIBRARIES = YES;
				BUNDLE_LOADER = "$(TEST_HOST)";
				CODE_SIGN_STYLE = Automatic;
				DEVELOPMENT_TEAM = S4K8QNVVRR;
				INFOPLIST_FILE = OmniedgeNewTests/Info.plist;
				IPHONEOS_DEPLOYMENT_TARGET = 14.1;
				LD_RUNPATH_SEARCH_PATHS = (
					"$(inherited)",
					"@executable_path/Frameworks",
					"@loader_path/Frameworks",
				);
				PRODUCT_BUNDLE_IDENTIFIER = com.meandlife.OmniedgeNewTests;
				PRODUCT_NAME = "$(TARGET_NAME)";
				SWIFT_VERSION = 5.0;
				TARGETED_DEVICE_FAMILY = "1,2";
				TEST_HOST = "$(BUILT_PRODUCTS_DIR)/OmniedgeNew.app/OmniedgeNew";
			};
			name = Release;
		};
		7E294A2926C76C2F008DEA5D /* Debug */ = {
			isa = XCBuildConfiguration;
			buildSettings = {
				ALWAYS_EMBED_SWIFT_STANDARD_LIBRARIES = YES;
				CODE_SIGN_STYLE = Automatic;
				DEVELOPMENT_TEAM = S4K8QNVVRR;
				INFOPLIST_FILE = OmniedgeNewUITests/Info.plist;
				LD_RUNPATH_SEARCH_PATHS = (
					"$(inherited)",
					"@executable_path/Frameworks",
					"@loader_path/Frameworks",
				);
				PRODUCT_BUNDLE_IDENTIFIER = com.meandlife.OmniedgeNewUITests;
				PRODUCT_NAME = "$(TARGET_NAME)";
				SWIFT_VERSION = 5.0;
				TARGETED_DEVICE_FAMILY = "1,2";
				TEST_TARGET_NAME = OmniedgeNew;
			};
			name = Debug;
		};
		7E294A2A26C76C2F008DEA5D /* Release */ = {
			isa = XCBuildConfiguration;
			buildSettings = {
				ALWAYS_EMBED_SWIFT_STANDARD_LIBRARIES = YES;
				CODE_SIGN_STYLE = Automatic;
				DEVELOPMENT_TEAM = S4K8QNVVRR;
				INFOPLIST_FILE = OmniedgeNewUITests/Info.plist;
				LD_RUNPATH_SEARCH_PATHS = (
					"$(inherited)",
					"@executable_path/Frameworks",
					"@loader_path/Frameworks",
				);
				PRODUCT_BUNDLE_IDENTIFIER = com.meandlife.OmniedgeNewUITests;
				PRODUCT_NAME = "$(TARGET_NAME)";
				SWIFT_VERSION = 5.0;
				TARGETED_DEVICE_FAMILY = "1,2";
				TEST_TARGET_NAME = OmniedgeNew;
			};
			name = Release;
		};
		7E7E938827AFBB1C00527213 /* Debug */ = {
			isa = XCBuildConfiguration;
			buildSettings = {
				CLANG_CXX_LANGUAGE_STANDARD = "gnu++17";
				CLANG_ENABLE_MODULES = YES;
				CODE_SIGN_ENTITLEMENTS = Tunnel/Tunnel.entitlements;
				CODE_SIGN_IDENTITY = "Apple Development";
				CODE_SIGN_STYLE = Automatic;
				CURRENT_PROJECT_VERSION = 9;
				DEVELOPMENT_TEAM = 9D68HRF7M3;
				GCC_PREPROCESSOR_DEFINITIONS = (
					"DEBUG=1",
					"$(inherited)",
					TUNNEL_BRIDGE,
					__IOS_PLATFORM__,
				);
				GENERATE_INFOPLIST_FILE = YES;
				INFOPLIST_FILE = Tunnel/Info.plist;
				INFOPLIST_KEY_CFBundleDisplayName = Tunnel;
				INFOPLIST_KEY_NSHumanReadableCopyright = "";
				IPHONEOS_DEPLOYMENT_TARGET = 14.0;
				LD_RUNPATH_SEARCH_PATHS = (
					"$(inherited)",
					"@executable_path/Frameworks",
					"@executable_path/../../Frameworks",
				);
				MARKETING_VERSION = 1.0.9;
				PRODUCT_BUNDLE_IDENTIFIER = com.jieqi.omniedge.tunnel;
				PRODUCT_NAME = "$(TARGET_NAME)";
				PROVISIONING_PROFILE_SPECIFIER = "";
				SKIP_INSTALL = YES;
				SWIFT_EMIT_LOC_STRINGS = YES;
				SWIFT_OBJC_BRIDGING_HEADER = "Tunnel/Tunnel-Bridging-Header.h";
				SWIFT_OPTIMIZATION_LEVEL = "-Onone";
				SWIFT_VERSION = 5.0;
				TARGETED_DEVICE_FAMILY = "1,2";
			};
			name = Debug;
		};
		7E7E938927AFBB1C00527213 /* Release */ = {
			isa = XCBuildConfiguration;
			buildSettings = {
				CLANG_CXX_LANGUAGE_STANDARD = "gnu++17";
				CLANG_ENABLE_MODULES = YES;
				CODE_SIGN_ENTITLEMENTS = Tunnel/Tunnel.entitlements;
				CODE_SIGN_IDENTITY = "Apple Development";
				CODE_SIGN_STYLE = Automatic;
				CURRENT_PROJECT_VERSION = 9;
				DEVELOPMENT_TEAM = 9D68HRF7M3;
				GCC_PREPROCESSOR_DEFINITIONS = (
					TUNNEL_BRIDGE,
					__IOS_PLATFORM__,
				);
				GENERATE_INFOPLIST_FILE = YES;
				INFOPLIST_FILE = Tunnel/Info.plist;
				INFOPLIST_KEY_CFBundleDisplayName = Tunnel;
				INFOPLIST_KEY_NSHumanReadableCopyright = "";
				IPHONEOS_DEPLOYMENT_TARGET = 14.0;
				LD_RUNPATH_SEARCH_PATHS = (
					"$(inherited)",
					"@executable_path/Frameworks",
					"@executable_path/../../Frameworks",
				);
				MARKETING_VERSION = 1.0.9;
				PRODUCT_BUNDLE_IDENTIFIER = com.jieqi.omniedge.tunnel;
				PRODUCT_NAME = "$(TARGET_NAME)";
				PROVISIONING_PROFILE_SPECIFIER = "";
				SKIP_INSTALL = YES;
				SWIFT_EMIT_LOC_STRINGS = YES;
				SWIFT_OBJC_BRIDGING_HEADER = "Tunnel/Tunnel-Bridging-Header.h";
				SWIFT_VERSION = 5.0;
				TARGETED_DEVICE_FAMILY = "1,2";
			};
			name = Release;
		};
/* End XCBuildConfiguration section */

/* Begin XCConfigurationList section */
		7E2949F826C76C2D008DEA5D /* Build configuration list for PBXProject "OmniedgeNew" */ = {
			isa = XCConfigurationList;
			buildConfigurations = (
				7E294A2026C76C2F008DEA5D /* Debug */,
				7E294A2126C76C2F008DEA5D /* Release */,
			);
			defaultConfigurationIsVisible = 0;
			defaultConfigurationName = Release;
		};
		7E294A2226C76C2F008DEA5D /* Build configuration list for PBXNativeTarget "OmniedgeNew" */ = {
			isa = XCConfigurationList;
			buildConfigurations = (
				7E294A2326C76C2F008DEA5D /* Debug */,
				7E294A2426C76C2F008DEA5D /* Release */,
			);
			defaultConfigurationIsVisible = 0;
			defaultConfigurationName = Release;
		};
		7E294A2526C76C2F008DEA5D /* Build configuration list for PBXNativeTarget "OmniedgeNewTests" */ = {
			isa = XCConfigurationList;
			buildConfigurations = (
				7E294A2626C76C2F008DEA5D /* Debug */,
				7E294A2726C76C2F008DEA5D /* Release */,
			);
			defaultConfigurationIsVisible = 0;
			defaultConfigurationName = Release;
		};
		7E294A2826C76C2F008DEA5D /* Build configuration list for PBXNativeTarget "OmniedgeNewUITests" */ = {
			isa = XCConfigurationList;
			buildConfigurations = (
				7E294A2926C76C2F008DEA5D /* Debug */,
				7E294A2A26C76C2F008DEA5D /* Release */,
			);
			defaultConfigurationIsVisible = 0;
			defaultConfigurationName = Release;
		};
		7E7E938727AFBB1C00527213 /* Build configuration list for PBXNativeTarget "Tunnel" */ = {
			isa = XCConfigurationList;
			buildConfigurations = (
				7E7E938827AFBB1C00527213 /* Debug */,
				7E7E938927AFBB1C00527213 /* Release */,
			);
			defaultConfigurationIsVisible = 0;
			defaultConfigurationName = Release;
		};
/* End XCConfigurationList section */

/* Begin XCRemoteSwiftPackageReference section */
		7E01CBB8272F9DC100E76A47 /* XCRemoteSwiftPackageReference "KeychainAccess" */ = {
			isa = XCRemoteSwiftPackageReference;
			repositoryURL = "https://github.com/kishikawakatsumi/KeychainAccess.git";
			requirement = {
				kind = upToNextMajorVersion;
				minimumVersion = 4.0.0;
			};
		};
/* End XCRemoteSwiftPackageReference section */

/* Begin XCSwiftPackageProductDependency section */
		7E01CBB9272F9DC100E76A47 /* KeychainAccess */ = {
			isa = XCSwiftPackageProductDependency;
			package = 7E01CBB8272F9DC100E76A47 /* XCRemoteSwiftPackageReference "KeychainAccess" */;
			productName = KeychainAccess;
		};
		7E01CBC2272FAA9600E76A47 /* KeychainAccess */ = {
			isa = XCSwiftPackageProductDependency;
			package = 7E01CBB8272F9DC100E76A47 /* XCRemoteSwiftPackageReference "KeychainAccess" */;
			productName = KeychainAccess;
		};
		7E3C3C4D2748700600830824 /* OENetwork */ = {
			isa = XCSwiftPackageProductDependency;
			productName = OENetwork;
		};
		7E3C3C4F2748700B00830824 /* OEDI */ = {
			isa = XCSwiftPackageProductDependency;
			productName = OEDI;
		};
		7E3C3C512748702E00830824 /* OEUIKit */ = {
			isa = XCSwiftPackageProductDependency;
			productName = OEUIKit;
		};
/* End XCSwiftPackageProductDependency section */
	};
	rootObject = 7E2949F526C76C2D008DEA5D /* Project object */;
}
